{
  "version": 4,
  "terraform_version": "1.13.1",
  "serial": 304,
  "lineage": "105321ff-a4b8-9290-2c12-a34ffb27af92",
  "outputs": {
    "api_url_card_activate": {
      "value": "https://gpnsdirwac.execute-api.us-east-2.amazonaws.com/prod/Transaction/card/activate",
      "type": "string"
    },
    "api_url_card_create": {
      "value": "https://gpnsdirwac.execute-api.us-east-2.amazonaws.com/prod/Transaction/card/create",
      "type": "string"
    },
    "api_url_card_paid": {
      "value": "https://gpnsdirwac.execute-api.us-east-2.amazonaws.com/prod/Transaction/card/paid/{cardId}",
      "type": "string"
    },
    "api_url_card_purchase": {
      "value": "https://gpnsdirwac.execute-api.us-east-2.amazonaws.com/prod/Transaction/transactions/purchase",
      "type": "string"
    },
    "api_url_card_report": {
      "value": "https://gpnsdirwac.execute-api.us-east-2.amazonaws.com/prod/Transaction/card/{cardId}",
      "type": "string"
    },
    "api_url_card_save": {
      "value": "https://gpnsdirwac.execute-api.us-east-2.amazonaws.com/prod/Transaction/transactions/save/{cardId}",
      "type": "string"
    }
  },
  "resources": [
    {
      "mode": "data",
      "type": "aws_caller_identity",
      "name": "current",
      "provider": "provider[\"registry.terraform.io/hashicorp/aws\"]",
      "instances": [
        {
          "schema_version": 0,
          "attributes": {
            "account_id": "346225465782",
            "arn": "arn:aws:iam::346225465782:root",
            "id": "346225465782",
            "user_id": "346225465782"
          },
          "sensitive_attributes": [],
          "identity_schema_version": 0
        }
      ]
    },
    {
      "mode": "managed",
      "type": "aws_api_gateway_deployment",
      "name": "CardApiDeployment",
      "provider": "provider[\"registry.terraform.io/hashicorp/aws\"]",
      "instances": [
        {
          "schema_version": 0,
          "attributes": {
            "canary_settings": [],
            "created_date": "2025-09-06T19:08:10Z",
            "description": "",
            "execution_arn": "arn:aws:execute-api:us-east-2:346225465782:gpnsdirwac/",
            "id": "hdczxm",
            "invoke_url": "https://gpnsdirwac.execute-api.us-east-2.amazonaws.com/",
            "rest_api_id": "gpnsdirwac",
            "stage_description": null,
            "stage_name": null,
            "triggers": null,
            "variables": null
          },
          "sensitive_attributes": [],
          "identity_schema_version": 0,
          "private": "bnVsbA==",
          "dependencies": [
            "aws_api_gateway_integration.IntegrationCardPaid",
            "aws_api_gateway_integration.IntegrationCardReport",
            "aws_api_gateway_integration.IntegrationPostCardActivate",
            "aws_api_gateway_integration.IntegrationPostCardCreate",
            "aws_api_gateway_integration.IntegrationTransactionsPurchase",
            "aws_api_gateway_integration.IntegrationTransactionsSave",
            "aws_api_gateway_method.GetCardReport",
            "aws_api_gateway_method.PostCardActivate",
            "aws_api_gateway_method.PostCardCreate",
            "aws_api_gateway_method.PostCardPaid",
            "aws_api_gateway_method.PostTransactionsPurchase",
            "aws_api_gateway_method.PostTransactionsSave",
            "aws_api_gateway_resource.CardActivate",
            "aws_api_gateway_resource.CardCreate",
            "aws_api_gateway_resource.CardPaid",
            "aws_api_gateway_resource.CardPaidCardId",
            "aws_api_gateway_resource.CardReport",
            "aws_api_gateway_resource.CardResource",
            "aws_api_gateway_resource.TransactionResource",
            "aws_api_gateway_resource.TransactionsPurchase",
            "aws_api_gateway_resource.TransactionsResource",
            "aws_api_gateway_resource.TransactionsSave",
            "aws_api_gateway_resource.TransactionsSaveCardId",
            "aws_api_gateway_rest_api.CardApi",
            "aws_iam_role.iam_for_lambda",
            "aws_lambda_function.lambdas"
          ],
          "create_before_destroy": true
        }
      ]
    },
    {
      "mode": "managed",
      "type": "aws_api_gateway_integration",
      "name": "IntegrationCardPaid",
      "provider": "provider[\"registry.terraform.io/hashicorp/aws\"]",
      "instances": [
        {
          "schema_version": 0,
          "attributes": {
            "cache_key_parameters": [],
            "cache_namespace": "fe7eyh",
            "connection_id": "",
            "connection_type": "INTERNET",
            "content_handling": "",
            "credentials": "",
            "http_method": "POST",
            "id": "agi-gpnsdirwac-fe7eyh-POST",
            "integration_http_method": "POST",
            "passthrough_behavior": "WHEN_NO_MATCH",
            "request_parameters": {},
            "request_templates": {},
            "resource_id": "fe7eyh",
            "rest_api_id": "gpnsdirwac",
            "timeout_milliseconds": 29000,
            "tls_config": [],
            "type": "AWS_PROXY",
            "uri": "arn:aws:apigateway:us-east-2:lambda:path/2015-03-31/functions/arn:aws:lambda:us-east-2:346225465782:function:card-paid-credit-card-lambda/invocations"
          },
          "sensitive_attributes": [],
          "identity_schema_version": 0,
          "private": "bnVsbA==",
          "dependencies": [
            "aws_api_gateway_method.PostCardPaid",
            "aws_api_gateway_resource.CardPaid",
            "aws_api_gateway_resource.CardPaidCardId",
            "aws_api_gateway_resource.CardResource",
            "aws_api_gateway_resource.TransactionResource",
            "aws_api_gateway_rest_api.CardApi",
            "aws_iam_role.iam_for_lambda",
            "aws_lambda_function.lambdas"
          ],
          "create_before_destroy": true
        }
      ]
    },
    {
      "mode": "managed",
      "type": "aws_api_gateway_integration",
      "name": "IntegrationCardReport",
      "provider": "provider[\"registry.terraform.io/hashicorp/aws\"]",
      "instances": [
        {
          "schema_version": 0,
          "attributes": {
            "cache_key_parameters": [],
            "cache_namespace": "fus25k",
            "connection_id": "",
            "connection_type": "INTERNET",
            "content_handling": "",
            "credentials": "",
            "http_method": "GET",
            "id": "agi-gpnsdirwac-fus25k-GET",
            "integration_http_method": "POST",
            "passthrough_behavior": "WHEN_NO_MATCH",
            "request_parameters": {},
            "request_templates": {},
            "resource_id": "fus25k",
            "rest_api_id": "gpnsdirwac",
            "timeout_milliseconds": 29000,
            "tls_config": [],
            "type": "AWS_PROXY",
            "uri": "arn:aws:apigateway:us-east-2:lambda:path/2015-03-31/functions/arn:aws:lambda:us-east-2:346225465782:function:card-get-report-lambda/invocations"
          },
          "sensitive_attributes": [],
          "identity_schema_version": 0,
          "private": "bnVsbA==",
          "dependencies": [
            "aws_api_gateway_method.GetCardReport",
            "aws_api_gateway_resource.CardReport",
            "aws_api_gateway_resource.CardResource",
            "aws_api_gateway_resource.TransactionResource",
            "aws_api_gateway_rest_api.CardApi",
            "aws_iam_role.iam_for_lambda",
            "aws_lambda_function.lambdas"
          ],
          "create_before_destroy": true
        }
      ]
    },
    {
      "mode": "managed",
      "type": "aws_api_gateway_integration",
      "name": "IntegrationPostCardActivate",
      "provider": "provider[\"registry.terraform.io/hashicorp/aws\"]",
      "instances": [
        {
          "schema_version": 0,
          "attributes": {
            "cache_key_parameters": [],
            "cache_namespace": "25hrgk",
            "connection_id": "",
            "connection_type": "INTERNET",
            "content_handling": "",
            "credentials": "",
            "http_method": "POST",
            "id": "agi-gpnsdirwac-25hrgk-POST",
            "integration_http_method": "POST",
            "passthrough_behavior": "WHEN_NO_MATCH",
            "request_parameters": {},
            "request_templates": {},
            "resource_id": "25hrgk",
            "rest_api_id": "gpnsdirwac",
            "timeout_milliseconds": 29000,
            "tls_config": [],
            "type": "AWS_PROXY",
            "uri": "arn:aws:apigateway:us-east-2:lambda:path/2015-03-31/functions/arn:aws:lambda:us-east-2:346225465782:function:card-activate-lambda/invocations"
          },
          "sensitive_attributes": [],
          "identity_schema_version": 0,
          "private": "bnVsbA==",
          "dependencies": [
            "aws_api_gateway_method.PostCardActivate",
            "aws_api_gateway_resource.CardActivate",
            "aws_api_gateway_resource.CardResource",
            "aws_api_gateway_resource.TransactionResource",
            "aws_api_gateway_rest_api.CardApi",
            "aws_iam_role.iam_for_lambda",
            "aws_lambda_function.lambdas"
          ],
          "create_before_destroy": true
        }
      ]
    },
    {
      "mode": "managed",
      "type": "aws_api_gateway_integration",
      "name": "IntegrationPostCardCreate",
      "provider": "provider[\"registry.terraform.io/hashicorp/aws\"]",
      "instances": [
        {
          "schema_version": 0,
          "attributes": {
            "cache_key_parameters": [],
            "cache_namespace": "vxgx4v",
            "connection_id": "",
            "connection_type": "INTERNET",
            "content_handling": "",
            "credentials": "",
            "http_method": "POST",
            "id": "agi-gpnsdirwac-vxgx4v-POST",
            "integration_http_method": "POST",
            "passthrough_behavior": "WHEN_NO_MATCH",
            "request_parameters": {},
            "request_templates": {},
            "resource_id": "vxgx4v",
            "rest_api_id": "gpnsdirwac",
            "timeout_milliseconds": 29000,
            "tls_config": [],
            "type": "AWS_PROXY",
            "uri": "arn:aws:apigateway:us-east-2:lambda:path/2015-03-31/functions/arn:aws:lambda:us-east-2:346225465782:function:create-request-card-lambda/invocations"
          },
          "sensitive_attributes": [],
          "identity_schema_version": 0,
          "private": "bnVsbA==",
          "dependencies": [
            "aws_api_gateway_method.PostCardCreate",
            "aws_api_gateway_resource.CardCreate",
            "aws_api_gateway_resource.CardResource",
            "aws_api_gateway_resource.TransactionResource",
            "aws_api_gateway_rest_api.CardApi",
            "aws_iam_role.iam_for_lambda",
            "aws_lambda_function.lambdas"
          ],
          "create_before_destroy": true
        }
      ]
    },
    {
      "mode": "managed",
      "type": "aws_api_gateway_integration",
      "name": "IntegrationTransactionsPurchase",
      "provider": "provider[\"registry.terraform.io/hashicorp/aws\"]",
      "instances": [
        {
          "schema_version": 0,
          "attributes": {
            "cache_key_parameters": [],
            "cache_namespace": "eqrvva",
            "connection_id": "",
            "connection_type": "INTERNET",
            "content_handling": "",
            "credentials": "",
            "http_method": "POST",
            "id": "agi-gpnsdirwac-eqrvva-POST",
            "integration_http_method": "POST",
            "passthrough_behavior": "WHEN_NO_MATCH",
            "request_parameters": {},
            "request_templates": {},
            "resource_id": "eqrvva",
            "rest_api_id": "gpnsdirwac",
            "timeout_milliseconds": 29000,
            "tls_config": [],
            "type": "AWS_PROXY",
            "uri": "arn:aws:apigateway:us-east-2:lambda:path/2015-03-31/functions/arn:aws:lambda:us-east-2:346225465782:function:card-purchase-lambda/invocations"
          },
          "sensitive_attributes": [],
          "identity_schema_version": 0,
          "private": "bnVsbA==",
          "dependencies": [
            "aws_api_gateway_method.PostTransactionsPurchase",
            "aws_api_gateway_resource.TransactionResource",
            "aws_api_gateway_resource.TransactionsPurchase",
            "aws_api_gateway_resource.TransactionsResource",
            "aws_api_gateway_rest_api.CardApi",
            "aws_iam_role.iam_for_lambda",
            "aws_lambda_function.lambdas"
          ],
          "create_before_destroy": true
        }
      ]
    },
    {
      "mode": "managed",
      "type": "aws_api_gateway_integration",
      "name": "IntegrationTransactionsSave",
      "provider": "provider[\"registry.terraform.io/hashicorp/aws\"]",
      "instances": [
        {
          "schema_version": 0,
          "attributes": {
            "cache_key_parameters": [],
            "cache_namespace": "4wgpln",
            "connection_id": "",
            "connection_type": "INTERNET",
            "content_handling": "",
            "credentials": "",
            "http_method": "POST",
            "id": "agi-gpnsdirwac-4wgpln-POST",
            "integration_http_method": "POST",
            "passthrough_behavior": "WHEN_NO_MATCH",
            "request_parameters": {},
            "request_templates": {},
            "resource_id": "4wgpln",
            "rest_api_id": "gpnsdirwac",
            "timeout_milliseconds": 29000,
            "tls_config": [],
            "type": "AWS_PROXY",
            "uri": "arn:aws:apigateway:us-east-2:lambda:path/2015-03-31/functions/arn:aws:lambda:us-east-2:346225465782:function:card-transaction-save-lambda/invocations"
          },
          "sensitive_attributes": [],
          "identity_schema_version": 0,
          "private": "bnVsbA==",
          "dependencies": [
            "aws_api_gateway_method.PostTransactionsSave",
            "aws_api_gateway_resource.TransactionResource",
            "aws_api_gateway_resource.TransactionsResource",
            "aws_api_gateway_resource.TransactionsSave",
            "aws_api_gateway_resource.TransactionsSaveCardId",
            "aws_api_gateway_rest_api.CardApi",
            "aws_iam_role.iam_for_lambda",
            "aws_lambda_function.lambdas"
          ],
          "create_before_destroy": true
        }
      ]
    },
    {
      "mode": "managed",
      "type": "aws_api_gateway_method",
      "name": "GetCardReport",
      "provider": "provider[\"registry.terraform.io/hashicorp/aws\"]",
      "instances": [
        {
          "schema_version": 0,
          "attributes": {
            "api_key_required": false,
            "authorization": "NONE",
            "authorization_scopes": [],
            "authorizer_id": "",
            "http_method": "GET",
            "id": "agm-gpnsdirwac-fus25k-GET",
            "operation_name": "",
            "request_models": {},
            "request_parameters": {},
            "request_validator_id": "",
            "resource_id": "fus25k",
            "rest_api_id": "gpnsdirwac"
          },
          "sensitive_attributes": [],
          "identity_schema_version": 0,
          "private": "bnVsbA==",
          "dependencies": [
            "aws_api_gateway_resource.CardReport",
            "aws_api_gateway_resource.CardResource",
            "aws_api_gateway_resource.TransactionResource",
            "aws_api_gateway_rest_api.CardApi"
          ],
          "create_before_destroy": true
        }
      ]
    },
    {
      "mode": "managed",
      "type": "aws_api_gateway_method",
      "name": "PostCardActivate",
      "provider": "provider[\"registry.terraform.io/hashicorp/aws\"]",
      "instances": [
        {
          "schema_version": 0,
          "attributes": {
            "api_key_required": false,
            "authorization": "NONE",
            "authorization_scopes": [],
            "authorizer_id": "",
            "http_method": "POST",
            "id": "agm-gpnsdirwac-25hrgk-POST",
            "operation_name": "",
            "request_models": {},
            "request_parameters": {},
            "request_validator_id": "",
            "resource_id": "25hrgk",
            "rest_api_id": "gpnsdirwac"
          },
          "sensitive_attributes": [],
          "identity_schema_version": 0,
          "private": "bnVsbA==",
          "dependencies": [
            "aws_api_gateway_resource.CardActivate",
            "aws_api_gateway_resource.CardResource",
            "aws_api_gateway_resource.TransactionResource",
            "aws_api_gateway_rest_api.CardApi"
          ],
          "create_before_destroy": true
        }
      ]
    },
    {
      "mode": "managed",
      "type": "aws_api_gateway_method",
      "name": "PostCardCreate",
      "provider": "provider[\"registry.terraform.io/hashicorp/aws\"]",
      "instances": [
        {
          "schema_version": 0,
          "attributes": {
            "api_key_required": false,
            "authorization": "NONE",
            "authorization_scopes": [],
            "authorizer_id": "",
            "http_method": "POST",
            "id": "agm-gpnsdirwac-vxgx4v-POST",
            "operation_name": "",
            "request_models": {},
            "request_parameters": {},
            "request_validator_id": "",
            "resource_id": "vxgx4v",
            "rest_api_id": "gpnsdirwac"
          },
          "sensitive_attributes": [],
          "identity_schema_version": 0,
          "private": "bnVsbA==",
          "dependencies": [
            "aws_api_gateway_resource.CardCreate",
            "aws_api_gateway_resource.CardResource",
            "aws_api_gateway_resource.TransactionResource",
            "aws_api_gateway_rest_api.CardApi"
          ],
          "create_before_destroy": true
        }
      ]
    },
    {
      "mode": "managed",
      "type": "aws_api_gateway_method",
      "name": "PostCardPaid",
      "provider": "provider[\"registry.terraform.io/hashicorp/aws\"]",
      "instances": [
        {
          "schema_version": 0,
          "attributes": {
            "api_key_required": false,
            "authorization": "NONE",
            "authorization_scopes": [],
            "authorizer_id": "",
            "http_method": "POST",
            "id": "agm-gpnsdirwac-fe7eyh-POST",
            "operation_name": "",
            "request_models": {},
            "request_parameters": {},
            "request_validator_id": "",
            "resource_id": "fe7eyh",
            "rest_api_id": "gpnsdirwac"
          },
          "sensitive_attributes": [],
          "identity_schema_version": 0,
          "private": "bnVsbA==",
          "dependencies": [
            "aws_api_gateway_resource.CardPaid",
            "aws_api_gateway_resource.CardPaidCardId",
            "aws_api_gateway_resource.CardResource",
            "aws_api_gateway_resource.TransactionResource",
            "aws_api_gateway_rest_api.CardApi"
          ],
          "create_before_destroy": true
        }
      ]
    },
    {
      "mode": "managed",
      "type": "aws_api_gateway_method",
      "name": "PostTransactionsPurchase",
      "provider": "provider[\"registry.terraform.io/hashicorp/aws\"]",
      "instances": [
        {
          "schema_version": 0,
          "attributes": {
            "api_key_required": false,
            "authorization": "NONE",
            "authorization_scopes": [],
            "authorizer_id": "",
            "http_method": "POST",
            "id": "agm-gpnsdirwac-eqrvva-POST",
            "operation_name": "",
            "request_models": {},
            "request_parameters": {},
            "request_validator_id": "",
            "resource_id": "eqrvva",
            "rest_api_id": "gpnsdirwac"
          },
          "sensitive_attributes": [],
          "identity_schema_version": 0,
          "private": "bnVsbA==",
          "dependencies": [
            "aws_api_gateway_resource.TransactionResource",
            "aws_api_gateway_resource.TransactionsPurchase",
            "aws_api_gateway_resource.TransactionsResource",
            "aws_api_gateway_rest_api.CardApi"
          ],
          "create_before_destroy": true
        }
      ]
    },
    {
      "mode": "managed",
      "type": "aws_api_gateway_method",
      "name": "PostTransactionsSave",
      "provider": "provider[\"registry.terraform.io/hashicorp/aws\"]",
      "instances": [
        {
          "schema_version": 0,
          "attributes": {
            "api_key_required": false,
            "authorization": "NONE",
            "authorization_scopes": [],
            "authorizer_id": "",
            "http_method": "POST",
            "id": "agm-gpnsdirwac-4wgpln-POST",
            "operation_name": "",
            "request_models": {},
            "request_parameters": {},
            "request_validator_id": "",
            "resource_id": "4wgpln",
            "rest_api_id": "gpnsdirwac"
          },
          "sensitive_attributes": [],
          "identity_schema_version": 0,
          "private": "bnVsbA==",
          "dependencies": [
            "aws_api_gateway_resource.TransactionResource",
            "aws_api_gateway_resource.TransactionsResource",
            "aws_api_gateway_resource.TransactionsSave",
            "aws_api_gateway_resource.TransactionsSaveCardId",
            "aws_api_gateway_rest_api.CardApi"
          ],
          "create_before_destroy": true
        }
      ]
    },
    {
      "mode": "managed",
      "type": "aws_api_gateway_resource",
      "name": "CardActivate",
      "provider": "provider[\"registry.terraform.io/hashicorp/aws\"]",
      "instances": [
        {
          "schema_version": 0,
          "attributes": {
            "id": "25hrgk",
            "parent_id": "h6kbqm",
            "path": "/Transaction/card/activate",
            "path_part": "activate",
            "rest_api_id": "gpnsdirwac"
          },
          "sensitive_attributes": [],
          "identity_schema_version": 0,
          "private": "bnVsbA==",
          "dependencies": [
            "aws_api_gateway_resource.CardResource",
            "aws_api_gateway_resource.TransactionResource",
            "aws_api_gateway_rest_api.CardApi"
          ],
          "create_before_destroy": true
        }
      ]
    },
    {
      "mode": "managed",
      "type": "aws_api_gateway_resource",
      "name": "CardCreate",
      "provider": "provider[\"registry.terraform.io/hashicorp/aws\"]",
      "instances": [
        {
          "schema_version": 0,
          "attributes": {
            "id": "vxgx4v",
            "parent_id": "h6kbqm",
            "path": "/Transaction/card/create",
            "path_part": "create",
            "rest_api_id": "gpnsdirwac"
          },
          "sensitive_attributes": [],
          "identity_schema_version": 0,
          "private": "bnVsbA==",
          "dependencies": [
            "aws_api_gateway_resource.CardResource",
            "aws_api_gateway_resource.TransactionResource",
            "aws_api_gateway_rest_api.CardApi"
          ],
          "create_before_destroy": true
        }
      ]
    },
    {
      "mode": "managed",
      "type": "aws_api_gateway_resource",
      "name": "CardPaid",
      "provider": "provider[\"registry.terraform.io/hashicorp/aws\"]",
      "instances": [
        {
          "schema_version": 0,
          "attributes": {
            "id": "uxtp60",
            "parent_id": "h6kbqm",
            "path": "/Transaction/card/paid",
            "path_part": "paid",
            "rest_api_id": "gpnsdirwac"
          },
          "sensitive_attributes": [],
          "identity_schema_version": 0,
          "private": "bnVsbA==",
          "dependencies": [
            "aws_api_gateway_resource.CardResource",
            "aws_api_gateway_resource.TransactionResource",
            "aws_api_gateway_rest_api.CardApi"
          ],
          "create_before_destroy": true
        }
      ]
    },
    {
      "mode": "managed",
      "type": "aws_api_gateway_resource",
      "name": "CardPaidCardId",
      "provider": "provider[\"registry.terraform.io/hashicorp/aws\"]",
      "instances": [
        {
          "schema_version": 0,
          "attributes": {
            "id": "fe7eyh",
            "parent_id": "uxtp60",
            "path": "/Transaction/card/paid/{cardId}",
            "path_part": "{cardId}",
            "rest_api_id": "gpnsdirwac"
          },
          "sensitive_attributes": [],
          "identity_schema_version": 0,
          "private": "bnVsbA==",
          "dependencies": [
            "aws_api_gateway_resource.CardPaid",
            "aws_api_gateway_resource.CardResource",
            "aws_api_gateway_resource.TransactionResource",
            "aws_api_gateway_rest_api.CardApi"
          ],
          "create_before_destroy": true
        }
      ]
    },
    {
      "mode": "managed",
      "type": "aws_api_gateway_resource",
      "name": "CardReport",
      "provider": "provider[\"registry.terraform.io/hashicorp/aws\"]",
      "instances": [
        {
          "schema_version": 0,
          "attributes": {
            "id": "fus25k",
            "parent_id": "h6kbqm",
            "path": "/Transaction/card/{cardId}",
            "path_part": "{cardId}",
            "rest_api_id": "gpnsdirwac"
          },
          "sensitive_attributes": [],
          "identity_schema_version": 0,
          "private": "bnVsbA==",
          "dependencies": [
            "aws_api_gateway_resource.CardResource",
            "aws_api_gateway_resource.TransactionResource",
            "aws_api_gateway_rest_api.CardApi"
          ],
          "create_before_destroy": true
        }
      ]
    },
    {
      "mode": "managed",
      "type": "aws_api_gateway_resource",
      "name": "CardResource",
      "provider": "provider[\"registry.terraform.io/hashicorp/aws\"]",
      "instances": [
        {
          "schema_version": 0,
          "attributes": {
            "id": "h6kbqm",
            "parent_id": "su4byp",
            "path": "/Transaction/card",
            "path_part": "card",
            "rest_api_id": "gpnsdirwac"
          },
          "sensitive_attributes": [],
          "identity_schema_version": 0,
          "private": "bnVsbA==",
          "dependencies": [
            "aws_api_gateway_resource.TransactionResource",
            "aws_api_gateway_rest_api.CardApi"
          ],
          "create_before_destroy": true
        }
      ]
    },
    {
      "mode": "managed",
      "type": "aws_api_gateway_resource",
      "name": "TransactionResource",
      "provider": "provider[\"registry.terraform.io/hashicorp/aws\"]",
      "instances": [
        {
          "schema_version": 0,
          "attributes": {
            "id": "su4byp",
            "parent_id": "o9pyb087p0",
            "path": "/Transaction",
            "path_part": "Transaction",
            "rest_api_id": "gpnsdirwac"
          },
          "sensitive_attributes": [],
          "identity_schema_version": 0,
          "private": "bnVsbA==",
          "dependencies": [
            "aws_api_gateway_rest_api.CardApi"
          ],
          "create_before_destroy": true
        }
      ]
    },
    {
      "mode": "managed",
      "type": "aws_api_gateway_resource",
      "name": "TransactionsPurchase",
      "provider": "provider[\"registry.terraform.io/hashicorp/aws\"]",
      "instances": [
        {
          "schema_version": 0,
          "attributes": {
            "id": "eqrvva",
            "parent_id": "owfbe4",
            "path": "/Transaction/transactions/purchase",
            "path_part": "purchase",
            "rest_api_id": "gpnsdirwac"
          },
          "sensitive_attributes": [],
          "identity_schema_version": 0,
          "private": "bnVsbA==",
          "dependencies": [
            "aws_api_gateway_resource.TransactionResource",
            "aws_api_gateway_resource.TransactionsResource",
            "aws_api_gateway_rest_api.CardApi"
          ],
          "create_before_destroy": true
        }
      ]
    },
    {
      "mode": "managed",
      "type": "aws_api_gateway_resource",
      "name": "TransactionsResource",
      "provider": "provider[\"registry.terraform.io/hashicorp/aws\"]",
      "instances": [
        {
          "schema_version": 0,
          "attributes": {
            "id": "owfbe4",
            "parent_id": "su4byp",
            "path": "/Transaction/transactions",
            "path_part": "transactions",
            "rest_api_id": "gpnsdirwac"
          },
          "sensitive_attributes": [],
          "identity_schema_version": 0,
          "private": "bnVsbA==",
          "dependencies": [
            "aws_api_gateway_resource.TransactionResource",
            "aws_api_gateway_rest_api.CardApi"
          ],
          "create_before_destroy": true
        }
      ]
    },
    {
      "mode": "managed",
      "type": "aws_api_gateway_resource",
      "name": "TransactionsSave",
      "provider": "provider[\"registry.terraform.io/hashicorp/aws\"]",
      "instances": [
        {
          "schema_version": 0,
          "attributes": {
            "id": "1yoe2y",
            "parent_id": "owfbe4",
            "path": "/Transaction/transactions/save",
            "path_part": "save",
            "rest_api_id": "gpnsdirwac"
          },
          "sensitive_attributes": [],
          "identity_schema_version": 0,
          "private": "bnVsbA==",
          "dependencies": [
            "aws_api_gateway_resource.TransactionResource",
            "aws_api_gateway_resource.TransactionsResource",
            "aws_api_gateway_rest_api.CardApi"
          ],
          "create_before_destroy": true
        }
      ]
    },
    {
      "mode": "managed",
      "type": "aws_api_gateway_resource",
      "name": "TransactionsSaveCardId",
      "provider": "provider[\"registry.terraform.io/hashicorp/aws\"]",
      "instances": [
        {
          "schema_version": 0,
          "attributes": {
            "id": "4wgpln",
            "parent_id": "1yoe2y",
            "path": "/Transaction/transactions/save/{cardId}",
            "path_part": "{cardId}",
            "rest_api_id": "gpnsdirwac"
          },
          "sensitive_attributes": [],
          "identity_schema_version": 0,
          "private": "bnVsbA==",
          "dependencies": [
            "aws_api_gateway_resource.TransactionResource",
            "aws_api_gateway_resource.TransactionsResource",
            "aws_api_gateway_resource.TransactionsSave",
            "aws_api_gateway_rest_api.CardApi"
          ],
          "create_before_destroy": true
        }
      ]
    },
    {
      "mode": "managed",
      "type": "aws_api_gateway_rest_api",
      "name": "CardApi",
      "provider": "provider[\"registry.terraform.io/hashicorp/aws\"]",
      "instances": [
        {
          "schema_version": 0,
          "attributes": {
            "api_key_source": "HEADER",
            "arn": "arn:aws:apigateway:us-east-2::/restapis/gpnsdirwac",
            "binary_media_types": [],
            "body": null,
            "created_date": "2025-09-06T19:08:09Z",
            "description": "API para manejar tarjetas",
            "disable_execute_api_endpoint": false,
            "endpoint_configuration": [
              {
                "ip_address_type": "ipv4",
                "types": [
                  "EDGE"
                ],
                "vpc_endpoint_ids": []
              }
            ],
            "execution_arn": "arn:aws:execute-api:us-east-2:346225465782:gpnsdirwac",
            "fail_on_warnings": null,
            "id": "gpnsdirwac",
            "minimum_compression_size": "",
            "name": "CardApi",
            "parameters": null,
            "policy": "",
            "put_rest_api_mode": null,
            "root_resource_id": "o9pyb087p0",
            "tags": {},
            "tags_all": {}
          },
          "sensitive_attributes": [],
          "identity_schema_version": 0,
          "private": "bnVsbA==",
          "create_before_destroy": true
        }
      ]
    },
    {
      "mode": "managed",
      "type": "aws_api_gateway_stage",
      "name": "ProdStage",
      "provider": "provider[\"registry.terraform.io/hashicorp/aws\"]",
      "instances": [
        {
          "schema_version": 0,
          "attributes": {
            "access_log_settings": [],
            "arn": "arn:aws:apigateway:us-east-2::/restapis/gpnsdirwac/stages/prod",
            "cache_cluster_enabled": false,
            "cache_cluster_size": "",
            "canary_settings": [],
            "client_certificate_id": "",
            "deployment_id": "hdczxm",
            "description": "",
            "documentation_version": "",
            "execution_arn": "arn:aws:execute-api:us-east-2:346225465782:gpnsdirwac/prod",
            "id": "ags-gpnsdirwac-prod",
            "invoke_url": "https://gpnsdirwac.execute-api.us-east-2.amazonaws.com/prod",
            "rest_api_id": "gpnsdirwac",
            "stage_name": "prod",
            "tags": {},
            "tags_all": {},
            "variables": {},
            "web_acl_arn": "",
            "xray_tracing_enabled": false
          },
          "sensitive_attributes": [],
          "identity_schema_version": 0,
          "private": "bnVsbA==",
          "dependencies": [
            "aws_api_gateway_deployment.CardApiDeployment",
            "aws_api_gateway_integration.IntegrationCardPaid",
            "aws_api_gateway_integration.IntegrationCardReport",
            "aws_api_gateway_integration.IntegrationPostCardActivate",
            "aws_api_gateway_integration.IntegrationPostCardCreate",
            "aws_api_gateway_integration.IntegrationTransactionsPurchase",
            "aws_api_gateway_integration.IntegrationTransactionsSave",
            "aws_api_gateway_method.GetCardReport",
            "aws_api_gateway_method.PostCardActivate",
            "aws_api_gateway_method.PostCardCreate",
            "aws_api_gateway_method.PostCardPaid",
            "aws_api_gateway_method.PostTransactionsPurchase",
            "aws_api_gateway_method.PostTransactionsSave",
            "aws_api_gateway_resource.CardActivate",
            "aws_api_gateway_resource.CardCreate",
            "aws_api_gateway_resource.CardPaid",
            "aws_api_gateway_resource.CardPaidCardId",
            "aws_api_gateway_resource.CardReport",
            "aws_api_gateway_resource.CardResource",
            "aws_api_gateway_resource.TransactionResource",
            "aws_api_gateway_resource.TransactionsPurchase",
            "aws_api_gateway_resource.TransactionsResource",
            "aws_api_gateway_resource.TransactionsSave",
            "aws_api_gateway_resource.TransactionsSaveCardId",
            "aws_api_gateway_rest_api.CardApi",
            "aws_iam_role.iam_for_lambda",
            "aws_lambda_function.lambdas"
          ]
        }
      ]
    },
    {
      "mode": "managed",
      "type": "aws_dynamodb_table",
      "name": "cards",
      "provider": "provider[\"registry.terraform.io/hashicorp/aws\"]",
      "instances": [
        {
          "schema_version": 1,
          "attributes": {
            "arn": "arn:aws:dynamodb:us-east-2:346225465782:table/cards",
            "attribute": [
              {
                "name": "createdAt",
                "type": "S"
              },
              {
                "name": "uuid",
                "type": "S"
              }
            ],
            "billing_mode": "PROVISIONED",
            "deletion_protection_enabled": false,
            "global_secondary_index": [],
            "hash_key": "uuid",
            "id": "cards",
            "import_table": [],
            "local_secondary_index": [],
            "name": "cards",
            "on_demand_throughput": [],
            "point_in_time_recovery": [
              {
                "enabled": false,
                "recovery_period_in_days": 0
              }
            ],
            "range_key": "createdAt",
            "read_capacity": 20,
            "replica": [],
            "restore_date_time": null,
            "restore_source_name": null,
            "restore_source_table_arn": null,
            "restore_to_latest_time": null,
            "server_side_encryption": [],
            "stream_arn": "",
            "stream_enabled": false,
            "stream_label": "",
            "stream_view_type": "",
            "table_class": "STANDARD",
            "tags": {
              "Environment": "prod",
              "Owner": "Sebastian",
              "Service": "TransactionApi",
              "Team": "Backend"
            },
            "tags_all": {
              "Environment": "prod",
              "Owner": "Sebastian",
              "Service": "TransactionApi",
              "Team": "Backend"
            },
            "timeouts": null,
            "ttl": [
              {
                "attribute_name": "",
                "enabled": false
              }
            ],
            "write_capacity": 20
          },
          "sensitive_attributes": [],
          "identity_schema_version": 0,
          "private": "eyJlMmJmYjczMC1lY2FhLTExZTYtOGY4OC0zNDM2M2JjN2M0YzAiOnsiY3JlYXRlIjoxODAwMDAwMDAwMDAwLCJkZWxldGUiOjYwMDAwMDAwMDAwMCwidXBkYXRlIjozNjAwMDAwMDAwMDAwfSwic2NoZW1hX3ZlcnNpb24iOiIxIn0="
        }
      ]
    },
    {
      "mode": "managed",
      "type": "aws_dynamodb_table",
      "name": "cards_error",
      "provider": "provider[\"registry.terraform.io/hashicorp/aws\"]",
      "instances": [
        {
          "schema_version": 1,
          "attributes": {
            "arn": "arn:aws:dynamodb:us-east-2:346225465782:table/card-table-error",
            "attribute": [
              {
                "name": "createdAt",
                "type": "S"
              },
              {
                "name": "uuid",
                "type": "S"
              }
            ],
            "billing_mode": "PROVISIONED",
            "deletion_protection_enabled": false,
            "global_secondary_index": [],
            "hash_key": "uuid",
            "id": "card-table-error",
            "import_table": [],
            "local_secondary_index": [],
            "name": "card-table-error",
            "on_demand_throughput": [],
            "point_in_time_recovery": [
              {
                "enabled": false,
                "recovery_period_in_days": 0
              }
            ],
            "range_key": "createdAt",
            "read_capacity": 20,
            "replica": [],
            "restore_date_time": null,
            "restore_source_name": null,
            "restore_source_table_arn": null,
            "restore_to_latest_time": null,
            "server_side_encryption": [],
            "stream_arn": "",
            "stream_enabled": false,
            "stream_label": "",
            "stream_view_type": "",
            "table_class": "STANDARD",
            "tags": {
              "Environment": "prod",
              "Owner": "Sebastian",
              "Service": "TransactionApi",
              "Team": "Backend"
            },
            "tags_all": {
              "Environment": "prod",
              "Owner": "Sebastian",
              "Service": "TransactionApi",
              "Team": "Backend"
            },
            "timeouts": null,
            "ttl": [
              {
                "attribute_name": "",
                "enabled": false
              }
            ],
            "write_capacity": 20
          },
          "sensitive_attributes": [],
          "identity_schema_version": 0,
          "private": "eyJlMmJmYjczMC1lY2FhLTExZTYtOGY4OC0zNDM2M2JjN2M0YzAiOnsiY3JlYXRlIjoxODAwMDAwMDAwMDAwLCJkZWxldGUiOjYwMDAwMDAwMDAwMCwidXBkYXRlIjozNjAwMDAwMDAwMDAwfSwic2NoZW1hX3ZlcnNpb24iOiIxIn0="
        }
      ]
    },
    {
      "mode": "managed",
      "type": "aws_dynamodb_table",
      "name": "transactions",
      "provider": "provider[\"registry.terraform.io/hashicorp/aws\"]",
      "instances": [
        {
          "schema_version": 1,
          "attributes": {
            "arn": "arn:aws:dynamodb:us-east-2:346225465782:table/transactions",
            "attribute": [
              {
                "name": "createdAt",
                "type": "S"
              },
              {
                "name": "uuid",
                "type": "S"
              }
            ],
            "billing_mode": "PROVISIONED",
            "deletion_protection_enabled": false,
            "global_secondary_index": [],
            "hash_key": "uuid",
            "id": "transactions",
            "import_table": [],
            "local_secondary_index": [],
            "name": "transactions",
            "on_demand_throughput": [],
            "point_in_time_recovery": [
              {
                "enabled": false,
                "recovery_period_in_days": 0
              }
            ],
            "range_key": "createdAt",
            "read_capacity": 20,
            "replica": [],
            "restore_date_time": null,
            "restore_source_name": null,
            "restore_source_table_arn": null,
            "restore_to_latest_time": null,
            "server_side_encryption": [],
            "stream_arn": "",
            "stream_enabled": false,
            "stream_label": "",
            "stream_view_type": "",
            "table_class": "STANDARD",
            "tags": {
              "Environment": "prod",
              "Owner": "Sebastian",
              "Service": "TransactionApi",
              "Team": "Backend"
            },
            "tags_all": {
              "Environment": "prod",
              "Owner": "Sebastian",
              "Service": "TransactionApi",
              "Team": "Backend"
            },
            "timeouts": null,
            "ttl": [
              {
                "attribute_name": "",
                "enabled": false
              }
            ],
            "write_capacity": 20
          },
          "sensitive_attributes": [],
          "identity_schema_version": 0,
          "private": "eyJlMmJmYjczMC1lY2FhLTExZTYtOGY4OC0zNDM2M2JjN2M0YzAiOnsiY3JlYXRlIjoxODAwMDAwMDAwMDAwLCJkZWxldGUiOjYwMDAwMDAwMDAwMCwidXBkYXRlIjozNjAwMDAwMDAwMDAwfSwic2NoZW1hX3ZlcnNpb24iOiIxIn0="
        }
      ]
    },
    {
      "mode": "managed",
      "type": "aws_iam_policy",
      "name": "dynamodb_policy",
      "provider": "provider[\"registry.terraform.io/hashicorp/aws\"]",
      "instances": [
        {
          "schema_version": 0,
          "attributes": {
            "arn": "arn:aws:iam::346225465782:policy/TransactionApiDynamoDBPolicy",
            "attachment_count": 1,
            "description": "",
            "id": "arn:aws:iam::346225465782:policy/TransactionApiDynamoDBPolicy",
            "name": "TransactionApiDynamoDBPolicy",
            "name_prefix": "",
            "path": "/",
            "policy": "{\"Statement\":[{\"Action\":[\"dynamodb:PutItem\",\"dynamodb:GetItem\",\"dynamodb:UpdateItem\",\"dynamodb:DeleteItem\",\"dynamodb:Query\",\"dynamodb:Scan\",\"dynamodb:DescribeTable\"],\"Effect\":\"Allow\",\"Resource\":[\"arn:aws:dynamodb:us-east-2:346225465782:table/cards\",\"arn:aws:dynamodb:us-east-2:346225465782:table/transactions\",\"arn:aws:dynamodb:us-east-2:346225465782:table/card-table-error\"]}],\"Version\":\"2012-10-17\"}",
            "policy_id": "ANPAVBHFFLG3PG2FDANRB",
            "tags": {},
            "tags_all": {}
          },
          "sensitive_attributes": [],
          "identity_schema_version": 0,
          "private": "bnVsbA==",
          "dependencies": [
            "aws_dynamodb_table.cards",
            "aws_dynamodb_table.cards_error",
            "aws_dynamodb_table.transactions"
          ]
        }
      ]
    },
    {
      "mode": "managed",
      "type": "aws_iam_policy",
      "name": "lambda_dynamodb_users",
      "provider": "provider[\"registry.terraform.io/hashicorp/aws\"]",
      "instances": [
        {
          "schema_version": 0,
          "attributes": {
            "arn": "arn:aws:iam::346225465782:policy/LambdaDynamoDBUsersPolicy",
            "attachment_count": 1,
            "description": "",
            "id": "arn:aws:iam::346225465782:policy/LambdaDynamoDBUsersPolicy",
            "name": "LambdaDynamoDBUsersPolicy",
            "name_prefix": "",
            "path": "/",
            "policy": "{\"Statement\":[{\"Action\":[\"dynamodb:Scan\",\"dynamodb:DescribeTable\"],\"Effect\":\"Allow\",\"Resource\":\"arn:aws:dynamodb:us-east-2:346225465782:table/users\"}],\"Version\":\"2012-10-17\"}",
            "policy_id": "ANPAVBHFFLG3DCDM67FNO",
            "tags": {},
            "tags_all": {}
          },
          "sensitive_attributes": [],
          "identity_schema_version": 0,
          "private": "bnVsbA==",
          "dependencies": [
            "data.aws_caller_identity.current"
          ]
        }
      ]
    },
    {
      "mode": "managed",
      "type": "aws_iam_policy",
      "name": "lambda_sqs_policy",
      "provider": "provider[\"registry.terraform.io/hashicorp/aws\"]",
      "instances": [
        {
          "schema_version": 0,
          "attributes": {
            "arn": "arn:aws:iam::346225465782:policy/LambdaSQSPolicy",
            "attachment_count": 1,
            "description": "",
            "id": "arn:aws:iam::346225465782:policy/LambdaSQSPolicy",
            "name": "LambdaSQSPolicy",
            "name_prefix": "",
            "path": "/",
            "policy": "{\"Statement\":[{\"Action\":[\"sqs:ReceiveMessage\",\"sqs:DeleteMessage\",\"sqs:GetQueueAttributes\"],\"Effect\":\"Allow\",\"Resource\":\"arn:aws:sqs:us-east-2:346225465782:create-request-card-sqs\"},{\"Action\":[\"sqs:SendMessage\"],\"Effect\":\"Allow\",\"Resource\":\"arn:aws:sqs:us-east-2:346225465782:notification-email-sqs\"}],\"Version\":\"2012-10-17\"}",
            "policy_id": "ANPAVBHFFLG3A2IED7K5D",
            "tags": {},
            "tags_all": {}
          },
          "sensitive_attributes": [],
          "identity_schema_version": 0,
          "private": "bnVsbA==",
          "dependencies": [
            "aws_sqs_queue.transaction_dlq",
            "aws_sqs_queue.transaction_queue"
          ]
        }
      ]
    },
    {
      "mode": "managed",
      "type": "aws_iam_policy",
      "name": "transaction_bucket_policy",
      "provider": "provider[\"registry.terraform.io/hashicorp/aws\"]",
      "instances": [
        {
          "schema_version": 0,
          "attributes": {
            "arn": "arn:aws:iam::346225465782:policy/TransactionBucketPolicy",
            "attachment_count": 1,
            "description": "",
            "id": "arn:aws:iam::346225465782:policy/TransactionBucketPolicy",
            "name": "TransactionBucketPolicy",
            "name_prefix": "",
            "path": "/",
            "policy": "{\"Statement\":[{\"Action\":[\"s3:PutObject\",\"s3:DeleteObject\"],\"Effect\":\"Allow\",\"Resource\":\"arn:aws:s3:::bucket-cardse3013575/*\"}],\"Version\":\"2012-10-17\"}",
            "policy_id": "ANPAVBHFFLG3DR4WIPPSJ",
            "tags": {},
            "tags_all": {}
          },
          "sensitive_attributes": [],
          "identity_schema_version": 0,
          "private": "bnVsbA==",
          "dependencies": [
            "aws_s3_bucket.transaction_bucket"
          ]
        }
      ]
    },
    {
      "mode": "managed",
      "type": "aws_iam_policy_attachment",
      "name": "attach_lambda_dynamodb_users",
      "provider": "provider[\"registry.terraform.io/hashicorp/aws\"]",
      "instances": [
        {
          "schema_version": 0,
          "attributes": {
            "groups": [],
            "id": "AttachLambdaDynamoDBUsersPolicy",
            "name": "AttachLambdaDynamoDBUsersPolicy",
            "policy_arn": "arn:aws:iam::346225465782:policy/LambdaDynamoDBUsersPolicy",
            "roles": [
              "ExecutionLambda"
            ],
            "users": []
          },
          "sensitive_attributes": [],
          "identity_schema_version": 0,
          "private": "bnVsbA==",
          "dependencies": [
            "aws_iam_policy.lambda_dynamodb_users",
            "aws_iam_role.iam_for_lambda",
            "data.aws_caller_identity.current"
          ]
        }
      ]
    },
    {
      "mode": "managed",
      "type": "aws_iam_role",
      "name": "iam_for_lambda",
      "provider": "provider[\"registry.terraform.io/hashicorp/aws\"]",
      "instances": [
        {
          "schema_version": 0,
          "attributes": {
            "arn": "arn:aws:iam::346225465782:role/ExecutionLambda",
            "assume_role_policy": "{\"Statement\":[{\"Action\":\"sts:AssumeRole\",\"Effect\":\"Allow\",\"Principal\":{\"Service\":\"lambda.amazonaws.com\"}}],\"Version\":\"2012-10-17\"}",
            "create_date": "2025-09-06T18:41:00Z",
            "description": "",
            "force_detach_policies": false,
            "id": "ExecutionLambda",
            "inline_policy": [],
            "managed_policy_arns": [
              "arn:aws:iam::346225465782:policy/LambdaDynamoDBUsersPolicy",
              "arn:aws:iam::346225465782:policy/LambdaSQSPolicy",
              "arn:aws:iam::346225465782:policy/TransactionApiDynamoDBPolicy",
              "arn:aws:iam::346225465782:policy/TransactionBucketPolicy",
              "arn:aws:iam::aws:policy/service-role/AWSLambdaBasicExecutionRole"
            ],
            "max_session_duration": 3600,
            "name": "ExecutionLambda",
            "name_prefix": "",
            "path": "/",
            "permissions_boundary": "",
            "tags": {},
            "tags_all": {},
            "unique_id": "AROAVBHFFLG3IHGGLVPIF"
          },
          "sensitive_attributes": [],
          "identity_schema_version": 0,
          "private": "bnVsbA==",
          "create_before_destroy": true
        }
      ]
    },
    {
      "mode": "managed",
      "type": "aws_iam_role_policy_attachment",
      "name": "lambda_basic_execution",
      "provider": "provider[\"registry.terraform.io/hashicorp/aws\"]",
      "instances": [
        {
          "schema_version": 0,
          "attributes": {
            "id": "ExecutionLambda-20250906184100287300000001",
            "policy_arn": "arn:aws:iam::aws:policy/service-role/AWSLambdaBasicExecutionRole",
            "role": "ExecutionLambda"
          },
          "sensitive_attributes": [],
          "identity_schema_version": 0,
          "private": "bnVsbA==",
          "dependencies": [
            "aws_iam_role.iam_for_lambda"
          ]
        }
      ]
    },
    {
      "mode": "managed",
      "type": "aws_iam_role_policy_attachment",
      "name": "lambda_dynamodb",
      "provider": "provider[\"registry.terraform.io/hashicorp/aws\"]",
      "instances": [
        {
          "schema_version": 0,
          "attributes": {
            "id": "ExecutionLambda-20250909195338598400000001",
            "policy_arn": "arn:aws:iam::346225465782:policy/TransactionApiDynamoDBPolicy",
            "role": "ExecutionLambda"
          },
          "sensitive_attributes": [],
          "identity_schema_version": 0,
          "private": "bnVsbA==",
          "dependencies": [
            "aws_dynamodb_table.cards",
            "aws_dynamodb_table.cards_error",
            "aws_dynamodb_table.transactions",
            "aws_iam_policy.dynamodb_policy",
            "aws_iam_role.iam_for_lambda"
          ]
        }
      ]
    },
    {
      "mode": "managed",
      "type": "aws_iam_role_policy_attachment",
      "name": "lambda_s3_attach",
      "provider": "provider[\"registry.terraform.io/hashicorp/aws\"]",
      "instances": [
        {
          "schema_version": 0,
          "attributes": {
            "id": "ExecutionLambda-20250909234052537100000001",
            "policy_arn": "arn:aws:iam::346225465782:policy/TransactionBucketPolicy",
            "role": "ExecutionLambda"
          },
          "sensitive_attributes": [],
          "identity_schema_version": 0,
          "private": "bnVsbA==",
          "dependencies": [
            "aws_iam_policy.transaction_bucket_policy",
            "aws_iam_role.iam_for_lambda",
            "aws_s3_bucket.transaction_bucket"
          ]
        }
      ]
    },
    {
      "mode": "managed",
      "type": "aws_iam_role_policy_attachment",
      "name": "lambda_sqs_attach",
      "provider": "provider[\"registry.terraform.io/hashicorp/aws\"]",
      "instances": [
        {
          "schema_version": 0,
          "attributes": {
            "id": "ExecutionLambda-20250909215150420700000001",
            "policy_arn": "arn:aws:iam::346225465782:policy/LambdaSQSPolicy",
            "role": "ExecutionLambda"
          },
          "sensitive_attributes": [],
          "identity_schema_version": 0,
          "private": "bnVsbA==",
          "dependencies": [
            "aws_iam_policy.lambda_sqs_policy",
            "aws_iam_role.iam_for_lambda",
            "aws_sqs_queue.transaction_dlq",
            "aws_sqs_queue.transaction_queue"
          ]
        }
      ]
    },
    {
      "mode": "managed",
      "type": "aws_lambda_event_source_mapping",
      "name": "create_card_sqs_trigger",
      "provider": "provider[\"registry.terraform.io/hashicorp/aws\"]",
      "instances": [
        {
          "schema_version": 0,
          "attributes": {
            "amazon_managed_kafka_event_source_config": [],
            "arn": "arn:aws:lambda:us-east-2:346225465782:event-source-mapping:f7914fd3-ebcd-44d5-96e6-a8c108350dbb",
            "batch_size": 1,
            "bisect_batch_on_function_error": false,
            "destination_config": [],
            "document_db_event_source_config": [],
            "enabled": true,
            "event_source_arn": "arn:aws:sqs:us-east-2:346225465782:create-request-card-sqs",
            "filter_criteria": [],
            "function_arn": "arn:aws:lambda:us-east-2:346225465782:function:create-request-card-lambda",
            "function_name": "arn:aws:lambda:us-east-2:346225465782:function:create-request-card-lambda",
            "function_response_types": [],
            "id": "f7914fd3-ebcd-44d5-96e6-a8c108350dbb",
            "kms_key_arn": "",
            "last_modified": "2025-09-09T21:52:07Z",
            "last_processing_result": "",
            "maximum_batching_window_in_seconds": 0,
            "maximum_record_age_in_seconds": 0,
            "maximum_retry_attempts": 0,
            "metrics_config": [],
            "parallelization_factor": 0,
            "provisioned_poller_config": [],
            "queues": [],
            "scaling_config": [],
            "self_managed_event_source": [],
            "self_managed_kafka_event_source_config": [],
            "source_access_configuration": [],
            "starting_position": "",
            "starting_position_timestamp": "",
            "state": "Enabled",
            "state_transition_reason": "USER_INITIATED",
            "tags": {},
            "tags_all": {},
            "topics": [],
            "tumbling_window_in_seconds": 0,
            "uuid": "f7914fd3-ebcd-44d5-96e6-a8c108350dbb"
          },
          "sensitive_attributes": [],
          "identity_schema_version": 0,
          "private": "bnVsbA==",
          "dependencies": [
            "aws_iam_role.iam_for_lambda",
            "aws_lambda_function.lambdas",
            "aws_sqs_queue.transaction_dlq",
            "aws_sqs_queue.transaction_queue"
          ]
        }
      ]
    },
    {
      "mode": "managed",
      "type": "aws_lambda_function",
      "name": "lambdas",
      "provider": "provider[\"registry.terraform.io/hashicorp/aws\"]",
      "instances": [
        {
          "index_key": "card_activate",
          "schema_version": 0,
          "attributes": {
            "architectures": [
              "x86_64"
            ],
            "arn": "arn:aws:lambda:us-east-2:346225465782:function:card-activate-lambda",
            "code_sha256": "E4Qk5TpQVZahsZK+ssC5m6Moxsj+RzRCYw55nbCLvqE=",
            "code_signing_config_arn": "",
            "dead_letter_config": [],
            "description": "",
            "environment": [],
            "ephemeral_storage": [
              {
                "size": 512
              }
            ],
            "file_system_config": [],
            "filename": "./../../publish/app.zip",
            "function_name": "card-activate-lambda",
            "handler": "AWSTransactionApi::AWSTransactionApi.LambdaEntryPoint::FunctionHandlerAsync",
            "id": "card-activate-lambda",
            "image_config": [],
            "image_uri": "",
            "invoke_arn": "arn:aws:apigateway:us-east-2:lambda:path/2015-03-31/functions/arn:aws:lambda:us-east-2:346225465782:function:card-activate-lambda/invocations",
            "kms_key_arn": "",
            "last_modified": "2025-09-10T01:30:04.000+0000",
            "layers": [],
            "logging_config": [
              {
                "application_log_level": "",
                "log_format": "Text",
                "log_group": "/aws/lambda/card-activate-lambda",
                "system_log_level": ""
              }
            ],
            "memory_size": 512,
            "package_type": "Zip",
            "publish": true,
            "qualified_arn": "arn:aws:lambda:us-east-2:346225465782:function:card-activate-lambda:18",
            "qualified_invoke_arn": "arn:aws:apigateway:us-east-2:lambda:path/2015-03-31/functions/arn:aws:lambda:us-east-2:346225465782:function:card-activate-lambda:18/invocations",
            "replace_security_groups_on_destroy": null,
            "replacement_security_group_ids": null,
            "reserved_concurrent_executions": -1,
            "role": "arn:aws:iam::346225465782:role/ExecutionLambda",
            "runtime": "dotnet8",
            "s3_bucket": null,
            "s3_key": null,
            "s3_object_version": null,
            "signing_job_arn": "",
            "signing_profile_version_arn": "",
            "skip_destroy": false,
            "snap_start": [],
            "source_code_hash": "E4Qk5TpQVZahsZK+ssC5m6Moxsj+RzRCYw55nbCLvqE=",
            "source_code_size": 2092864,
            "tags": {},
            "tags_all": {},
            "timeout": 900,
            "timeouts": null,
            "tracing_config": [
              {
                "mode": "PassThrough"
              }
            ],
            "version": "18",
            "vpc_config": []
          },
          "sensitive_attributes": [],
          "identity_schema_version": 0,
          "private": "eyJlMmJmYjczMC1lY2FhLTExZTYtOGY4OC0zNDM2M2JjN2M0YzAiOnsiY3JlYXRlIjo2MDAwMDAwMDAwMDAsImRlbGV0ZSI6NjAwMDAwMDAwMDAwLCJ1cGRhdGUiOjYwMDAwMDAwMDAwMH19",
          "dependencies": [
            "aws_iam_role.iam_for_lambda"
          ],
          "create_before_destroy": true
        },
        {
          "index_key": "card_get_report",
          "schema_version": 0,
          "attributes": {
            "architectures": [
              "x86_64"
            ],
            "arn": "arn:aws:lambda:us-east-2:346225465782:function:card-get-report-lambda",
            "code_sha256": "E4Qk5TpQVZahsZK+ssC5m6Moxsj+RzRCYw55nbCLvqE=",
            "code_signing_config_arn": "",
            "dead_letter_config": [],
            "description": "",
            "environment": [],
            "ephemeral_storage": [
              {
                "size": 512
              }
            ],
            "file_system_config": [],
            "filename": "./../../publish/app.zip",
            "function_name": "card-get-report-lambda",
            "handler": "AWSTransactionApi::AWSTransactionApi.LambdaEntryPoint::FunctionHandlerAsync",
            "id": "card-get-report-lambda",
            "image_config": [],
            "image_uri": "",
            "invoke_arn": "arn:aws:apigateway:us-east-2:lambda:path/2015-03-31/functions/arn:aws:lambda:us-east-2:346225465782:function:card-get-report-lambda/invocations",
            "kms_key_arn": "",
            "last_modified": "2025-09-10T01:29:57.000+0000",
            "layers": [],
            "logging_config": [
              {
                "application_log_level": "",
                "log_format": "Text",
                "log_group": "/aws/lambda/card-get-report-lambda",
                "system_log_level": ""
              }
            ],
            "memory_size": 512,
            "package_type": "Zip",
            "publish": true,
            "qualified_arn": "arn:aws:lambda:us-east-2:346225465782:function:card-get-report-lambda:18",
            "qualified_invoke_arn": "arn:aws:apigateway:us-east-2:lambda:path/2015-03-31/functions/arn:aws:lambda:us-east-2:346225465782:function:card-get-report-lambda:18/invocations",
            "replace_security_groups_on_destroy": null,
            "replacement_security_group_ids": null,
            "reserved_concurrent_executions": -1,
            "role": "arn:aws:iam::346225465782:role/ExecutionLambda",
            "runtime": "dotnet8",
            "s3_bucket": null,
            "s3_key": null,
            "s3_object_version": null,
            "signing_job_arn": "",
            "signing_profile_version_arn": "",
            "skip_destroy": false,
            "snap_start": [],
            "source_code_hash": "E4Qk5TpQVZahsZK+ssC5m6Moxsj+RzRCYw55nbCLvqE=",
            "source_code_size": 2092864,
            "tags": {},
            "tags_all": {},
            "timeout": 900,
            "timeouts": null,
            "tracing_config": [
              {
                "mode": "PassThrough"
              }
            ],
            "version": "18",
            "vpc_config": []
          },
          "sensitive_attributes": [],
          "identity_schema_version": 0,
          "private": "eyJlMmJmYjczMC1lY2FhLTExZTYtOGY4OC0zNDM2M2JjN2M0YzAiOnsiY3JlYXRlIjo2MDAwMDAwMDAwMDAsImRlbGV0ZSI6NjAwMDAwMDAwMDAwLCJ1cGRhdGUiOjYwMDAwMDAwMDAwMH19",
          "dependencies": [
            "aws_iam_role.iam_for_lambda"
          ],
          "create_before_destroy": true
        },
        {
          "index_key": "card_paid_credit_card",
          "schema_version": 0,
          "attributes": {
            "architectures": [
              "x86_64"
            ],
            "arn": "arn:aws:lambda:us-east-2:346225465782:function:card-paid-credit-card-lambda",
            "code_sha256": "E4Qk5TpQVZahsZK+ssC5m6Moxsj+RzRCYw55nbCLvqE=",
            "code_signing_config_arn": "",
            "dead_letter_config": [],
            "description": "",
            "environment": [],
            "ephemeral_storage": [
              {
                "size": 512
              }
            ],
            "file_system_config": [],
            "filename": "./../../publish/app.zip",
            "function_name": "card-paid-credit-card-lambda",
            "handler": "AWSTransactionApi::AWSTransactionApi.LambdaEntryPoint::FunctionHandlerAsync",
            "id": "card-paid-credit-card-lambda",
            "image_config": [],
            "image_uri": "",
            "invoke_arn": "arn:aws:apigateway:us-east-2:lambda:path/2015-03-31/functions/arn:aws:lambda:us-east-2:346225465782:function:card-paid-credit-card-lambda/invocations",
            "kms_key_arn": "",
            "last_modified": "2025-09-10T01:29:50.000+0000",
            "layers": [],
            "logging_config": [
              {
                "application_log_level": "",
                "log_format": "Text",
                "log_group": "/aws/lambda/card-paid-credit-card-lambda",
                "system_log_level": ""
              }
            ],
            "memory_size": 512,
            "package_type": "Zip",
            "publish": true,
            "qualified_arn": "arn:aws:lambda:us-east-2:346225465782:function:card-paid-credit-card-lambda:18",
            "qualified_invoke_arn": "arn:aws:apigateway:us-east-2:lambda:path/2015-03-31/functions/arn:aws:lambda:us-east-2:346225465782:function:card-paid-credit-card-lambda:18/invocations",
            "replace_security_groups_on_destroy": null,
            "replacement_security_group_ids": null,
            "reserved_concurrent_executions": -1,
            "role": "arn:aws:iam::346225465782:role/ExecutionLambda",
            "runtime": "dotnet8",
            "s3_bucket": null,
            "s3_key": null,
            "s3_object_version": null,
            "signing_job_arn": "",
            "signing_profile_version_arn": "",
            "skip_destroy": false,
            "snap_start": [],
            "source_code_hash": "E4Qk5TpQVZahsZK+ssC5m6Moxsj+RzRCYw55nbCLvqE=",
            "source_code_size": 2092864,
            "tags": {},
            "tags_all": {},
            "timeout": 900,
            "timeouts": null,
            "tracing_config": [
              {
                "mode": "PassThrough"
              }
            ],
            "version": "18",
            "vpc_config": []
          },
          "sensitive_attributes": [],
          "identity_schema_version": 0,
          "private": "eyJlMmJmYjczMC1lY2FhLTExZTYtOGY4OC0zNDM2M2JjN2M0YzAiOnsiY3JlYXRlIjo2MDAwMDAwMDAwMDAsImRlbGV0ZSI6NjAwMDAwMDAwMDAwLCJ1cGRhdGUiOjYwMDAwMDAwMDAwMH19",
          "dependencies": [
            "aws_iam_role.iam_for_lambda"
          ],
          "create_before_destroy": true
        },
        {
          "index_key": "card_purchase",
          "schema_version": 0,
          "attributes": {
            "architectures": [
              "x86_64"
            ],
            "arn": "arn:aws:lambda:us-east-2:346225465782:function:card-purchase-lambda",
            "code_sha256": "E4Qk5TpQVZahsZK+ssC5m6Moxsj+RzRCYw55nbCLvqE=",
            "code_signing_config_arn": "",
            "dead_letter_config": [],
            "description": "",
            "environment": [],
            "ephemeral_storage": [
              {
                "size": 512
              }
            ],
            "file_system_config": [],
            "filename": "./../../publish/app.zip",
            "function_name": "card-purchase-lambda",
            "handler": "AWSTransactionApi::AWSTransactionApi.LambdaEntryPoint::FunctionHandlerAsync",
            "id": "card-purchase-lambda",
            "image_config": [],
            "image_uri": "",
            "invoke_arn": "arn:aws:apigateway:us-east-2:lambda:path/2015-03-31/functions/arn:aws:lambda:us-east-2:346225465782:function:card-purchase-lambda/invocations",
            "kms_key_arn": "",
            "last_modified": "2025-09-10T01:30:12.000+0000",
            "layers": [],
            "logging_config": [
              {
                "application_log_level": "",
                "log_format": "Text",
                "log_group": "/aws/lambda/card-purchase-lambda",
                "system_log_level": ""
              }
            ],
            "memory_size": 512,
            "package_type": "Zip",
            "publish": true,
            "qualified_arn": "arn:aws:lambda:us-east-2:346225465782:function:card-purchase-lambda:18",
            "qualified_invoke_arn": "arn:aws:apigateway:us-east-2:lambda:path/2015-03-31/functions/arn:aws:lambda:us-east-2:346225465782:function:card-purchase-lambda:18/invocations",
            "replace_security_groups_on_destroy": null,
            "replacement_security_group_ids": null,
            "reserved_concurrent_executions": -1,
            "role": "arn:aws:iam::346225465782:role/ExecutionLambda",
            "runtime": "dotnet8",
            "s3_bucket": null,
            "s3_key": null,
            "s3_object_version": null,
            "signing_job_arn": "",
            "signing_profile_version_arn": "",
            "skip_destroy": false,
            "snap_start": [],
            "source_code_hash": "E4Qk5TpQVZahsZK+ssC5m6Moxsj+RzRCYw55nbCLvqE=",
            "source_code_size": 2092864,
            "tags": {},
            "tags_all": {},
            "timeout": 900,
            "timeouts": null,
            "tracing_config": [
              {
                "mode": "PassThrough"
              }
            ],
            "version": "18",
            "vpc_config": []
          },
          "sensitive_attributes": [],
          "identity_schema_version": 0,
          "private": "eyJlMmJmYjczMC1lY2FhLTExZTYtOGY4OC0zNDM2M2JjN2M0YzAiOnsiY3JlYXRlIjo2MDAwMDAwMDAwMDAsImRlbGV0ZSI6NjAwMDAwMDAwMDAwLCJ1cGRhdGUiOjYwMDAwMDAwMDAwMH19",
          "dependencies": [
            "aws_iam_role.iam_for_lambda"
          ],
          "create_before_destroy": true
        },
        {
          "index_key": "card_request_failed",
          "schema_version": 0,
          "attributes": {
            "architectures": [
              "x86_64"
            ],
            "arn": "arn:aws:lambda:us-east-2:346225465782:function:card-request-failed",
            "code_sha256": "E4Qk5TpQVZahsZK+ssC5m6Moxsj+RzRCYw55nbCLvqE=",
            "code_signing_config_arn": "",
            "dead_letter_config": [],
            "description": "",
            "environment": [],
            "ephemeral_storage": [
              {
                "size": 512
              }
            ],
            "file_system_config": [],
            "filename": "./../../publish/app.zip",
            "function_name": "card-request-failed",
            "handler": "AWSTransactionApi::AWSTransactionApi.LambdaEntryPoint::FunctionHandlerAsync",
            "id": "card-request-failed",
            "image_config": [],
            "image_uri": "",
            "invoke_arn": "arn:aws:apigateway:us-east-2:lambda:path/2015-03-31/functions/arn:aws:lambda:us-east-2:346225465782:function:card-request-failed/invocations",
            "kms_key_arn": "",
            "last_modified": "2025-09-10T01:30:27.000+0000",
            "layers": [],
            "logging_config": [
              {
                "application_log_level": "",
                "log_format": "Text",
                "log_group": "/aws/lambda/card-request-failed",
                "system_log_level": ""
              }
            ],
            "memory_size": 512,
            "package_type": "Zip",
            "publish": true,
            "qualified_arn": "arn:aws:lambda:us-east-2:346225465782:function:card-request-failed:18",
            "qualified_invoke_arn": "arn:aws:apigateway:us-east-2:lambda:path/2015-03-31/functions/arn:aws:lambda:us-east-2:346225465782:function:card-request-failed:18/invocations",
            "replace_security_groups_on_destroy": null,
            "replacement_security_group_ids": null,
            "reserved_concurrent_executions": -1,
            "role": "arn:aws:iam::346225465782:role/ExecutionLambda",
            "runtime": "dotnet8",
            "s3_bucket": null,
            "s3_key": null,
            "s3_object_version": null,
            "signing_job_arn": "",
            "signing_profile_version_arn": "",
            "skip_destroy": false,
            "snap_start": [],
            "source_code_hash": "E4Qk5TpQVZahsZK+ssC5m6Moxsj+RzRCYw55nbCLvqE=",
            "source_code_size": 2092864,
            "tags": {},
            "tags_all": {},
            "timeout": 900,
            "timeouts": null,
            "tracing_config": [
              {
                "mode": "PassThrough"
              }
            ],
            "version": "18",
            "vpc_config": []
          },
          "sensitive_attributes": [],
          "identity_schema_version": 0,
          "private": "eyJlMmJmYjczMC1lY2FhLTExZTYtOGY4OC0zNDM2M2JjN2M0YzAiOnsiY3JlYXRlIjo2MDAwMDAwMDAwMDAsImRlbGV0ZSI6NjAwMDAwMDAwMDAwLCJ1cGRhdGUiOjYwMDAwMDAwMDAwMH19",
          "dependencies": [
            "aws_iam_role.iam_for_lambda"
          ]
        },
        {
          "index_key": "card_transaction_save",
          "schema_version": 0,
          "attributes": {
            "architectures": [
              "x86_64"
            ],
            "arn": "arn:aws:lambda:us-east-2:346225465782:function:card-transaction-save-lambda",
            "code_sha256": "E4Qk5TpQVZahsZK+ssC5m6Moxsj+RzRCYw55nbCLvqE=",
            "code_signing_config_arn": "",
            "dead_letter_config": [],
            "description": "",
            "environment": [],
            "ephemeral_storage": [
              {
                "size": 512
              }
            ],
            "file_system_config": [],
            "filename": "./../../publish/app.zip",
            "function_name": "card-transaction-save-lambda",
            "handler": "AWSTransactionApi::AWSTransactionApi.LambdaEntryPoint::FunctionHandlerAsync",
            "id": "card-transaction-save-lambda",
            "image_config": [],
            "image_uri": "",
            "invoke_arn": "arn:aws:apigateway:us-east-2:lambda:path/2015-03-31/functions/arn:aws:lambda:us-east-2:346225465782:function:card-transaction-save-lambda/invocations",
            "kms_key_arn": "",
            "last_modified": "2025-09-10T01:30:19.000+0000",
            "layers": [],
            "logging_config": [
              {
                "application_log_level": "",
                "log_format": "Text",
                "log_group": "/aws/lambda/card-transaction-save-lambda",
                "system_log_level": ""
              }
            ],
            "memory_size": 512,
            "package_type": "Zip",
            "publish": true,
            "qualified_arn": "arn:aws:lambda:us-east-2:346225465782:function:card-transaction-save-lambda:18",
            "qualified_invoke_arn": "arn:aws:apigateway:us-east-2:lambda:path/2015-03-31/functions/arn:aws:lambda:us-east-2:346225465782:function:card-transaction-save-lambda:18/invocations",
            "replace_security_groups_on_destroy": null,
            "replacement_security_group_ids": null,
            "reserved_concurrent_executions": -1,
            "role": "arn:aws:iam::346225465782:role/ExecutionLambda",
            "runtime": "dotnet8",
            "s3_bucket": null,
            "s3_key": null,
            "s3_object_version": null,
            "signing_job_arn": "",
            "signing_profile_version_arn": "",
            "skip_destroy": false,
            "snap_start": [],
            "source_code_hash": "E4Qk5TpQVZahsZK+ssC5m6Moxsj+RzRCYw55nbCLvqE=",
            "source_code_size": 2092864,
            "tags": {},
            "tags_all": {},
            "timeout": 900,
            "timeouts": null,
            "tracing_config": [
              {
                "mode": "PassThrough"
              }
            ],
            "version": "18",
            "vpc_config": []
          },
          "sensitive_attributes": [],
          "identity_schema_version": 0,
          "private": "eyJlMmJmYjczMC1lY2FhLTExZTYtOGY4OC0zNDM2M2JjN2M0YzAiOnsiY3JlYXRlIjo2MDAwMDAwMDAwMDAsImRlbGV0ZSI6NjAwMDAwMDAwMDAwLCJ1cGRhdGUiOjYwMDAwMDAwMDAwMH19",
          "dependencies": [
            "aws_iam_role.iam_for_lambda"
          ],
          "create_before_destroy": true
        },
        {
          "index_key": "create_request_card",
          "schema_version": 0,
          "attributes": {
            "architectures": [
              "x86_64"
            ],
            "arn": "arn:aws:lambda:us-east-2:346225465782:function:create-request-card-lambda",
            "code_sha256": "E4Qk5TpQVZahsZK+ssC5m6Moxsj+RzRCYw55nbCLvqE=",
            "code_signing_config_arn": "",
            "dead_letter_config": [],
            "description": "",
            "environment": [],
            "ephemeral_storage": [
              {
                "size": 512
              }
            ],
            "file_system_config": [],
            "filename": "./../../publish/app.zip",
            "function_name": "create-request-card-lambda",
            "handler": "AWSTransactionApi::AWSTransactionApi.LambdaEntryPoint::FunctionHandlerAsync",
            "id": "create-request-card-lambda",
            "image_config": [],
            "image_uri": "",
            "invoke_arn": "arn:aws:apigateway:us-east-2:lambda:path/2015-03-31/functions/arn:aws:lambda:us-east-2:346225465782:function:create-request-card-lambda/invocations",
            "kms_key_arn": "",
            "last_modified": "2025-09-10T01:29:42.000+0000",
            "layers": [],
            "logging_config": [
              {
                "application_log_level": "",
                "log_format": "Text",
                "log_group": "/aws/lambda/create-request-card-lambda",
                "system_log_level": ""
              }
            ],
            "memory_size": 512,
            "package_type": "Zip",
            "publish": true,
            "qualified_arn": "arn:aws:lambda:us-east-2:346225465782:function:create-request-card-lambda:18",
            "qualified_invoke_arn": "arn:aws:apigateway:us-east-2:lambda:path/2015-03-31/functions/arn:aws:lambda:us-east-2:346225465782:function:create-request-card-lambda:18/invocations",
            "replace_security_groups_on_destroy": null,
            "replacement_security_group_ids": null,
            "reserved_concurrent_executions": -1,
            "role": "arn:aws:iam::346225465782:role/ExecutionLambda",
            "runtime": "dotnet8",
            "s3_bucket": null,
            "s3_key": null,
            "s3_object_version": null,
            "signing_job_arn": "",
            "signing_profile_version_arn": "",
            "skip_destroy": false,
            "snap_start": [],
            "source_code_hash": "E4Qk5TpQVZahsZK+ssC5m6Moxsj+RzRCYw55nbCLvqE=",
            "source_code_size": 2092864,
            "tags": {},
            "tags_all": {},
            "timeout": 900,
            "timeouts": null,
            "tracing_config": [
              {
                "mode": "PassThrough"
              }
            ],
            "version": "18",
            "vpc_config": []
          },
          "sensitive_attributes": [],
          "identity_schema_version": 0,
          "private": "eyJlMmJmYjczMC1lY2FhLTExZTYtOGY4OC0zNDM2M2JjN2M0YzAiOnsiY3JlYXRlIjo2MDAwMDAwMDAwMDAsImRlbGV0ZSI6NjAwMDAwMDAwMDAwLCJ1cGRhdGUiOjYwMDAwMDAwMDAwMH19",
          "dependencies": [
            "aws_iam_role.iam_for_lambda"
          ],
          "create_before_destroy": true
        }
      ]
    },
    {
      "mode": "managed",
      "type": "aws_lambda_permission",
      "name": "ApiGatewayCardActivate",
      "provider": "provider[\"registry.terraform.io/hashicorp/aws\"]",
      "instances": [
        {
          "schema_version": 0,
          "attributes": {
            "action": "lambda:InvokeFunction",
            "event_source_token": null,
            "function_name": "card-activate-lambda",
            "function_url_auth_type": null,
            "id": "AllowExecutionFromAPIGatewayCardActivate",
            "principal": "apigateway.amazonaws.com",
            "principal_org_id": null,
            "qualifier": "",
            "source_account": null,
            "source_arn": "arn:aws:execute-api:us-east-2:346225465782:gpnsdirwac/*/POST/Transaction/card/activate",
            "statement_id": "AllowExecutionFromAPIGatewayCardActivate",
            "statement_id_prefix": ""
          },
          "sensitive_attributes": [],
          "identity_schema_version": 0,
          "private": "bnVsbA==",
          "dependencies": [
            "aws_api_gateway_rest_api.CardApi",
            "aws_iam_role.iam_for_lambda",
            "aws_lambda_function.lambdas"
          ]
        }
      ]
    },
    {
      "mode": "managed",
      "type": "aws_lambda_permission",
      "name": "ApiGatewayCardCreate",
      "provider": "provider[\"registry.terraform.io/hashicorp/aws\"]",
      "instances": [
        {
          "schema_version": 0,
          "attributes": {
            "action": "lambda:InvokeFunction",
            "event_source_token": null,
            "function_name": "create-request-card-lambda",
            "function_url_auth_type": null,
            "id": "AllowExecutionFromAPIGatewayCardCreate",
            "principal": "apigateway.amazonaws.com",
            "principal_org_id": null,
            "qualifier": "",
            "source_account": null,
            "source_arn": "arn:aws:execute-api:us-east-2:346225465782:gpnsdirwac/*/POST/Transaction/card/create",
            "statement_id": "AllowExecutionFromAPIGatewayCardCreate",
            "statement_id_prefix": ""
          },
          "sensitive_attributes": [],
          "identity_schema_version": 0,
          "private": "bnVsbA==",
          "dependencies": [
            "aws_api_gateway_rest_api.CardApi",
            "aws_iam_role.iam_for_lambda",
            "aws_lambda_function.lambdas"
          ]
        }
      ]
    },
    {
      "mode": "managed",
      "type": "aws_lambda_permission",
      "name": "ApiGatewayCardPaid",
      "provider": "provider[\"registry.terraform.io/hashicorp/aws\"]",
      "instances": [
        {
          "schema_version": 0,
          "attributes": {
            "action": "lambda:InvokeFunction",
            "event_source_token": null,
            "function_name": "card-paid-credit-card-lambda",
            "function_url_auth_type": null,
            "id": "AllowExecutionFromAPIGatewayCardPaid",
            "principal": "apigateway.amazonaws.com",
            "principal_org_id": null,
            "qualifier": "",
            "source_account": null,
            "source_arn": "arn:aws:execute-api:us-east-2:346225465782:gpnsdirwac/*/POST/Transaction/card/paid/*",
            "statement_id": "AllowExecutionFromAPIGatewayCardPaid",
            "statement_id_prefix": ""
          },
          "sensitive_attributes": [],
          "identity_schema_version": 0,
          "private": "bnVsbA==",
          "dependencies": [
            "aws_api_gateway_rest_api.CardApi",
            "aws_iam_role.iam_for_lambda",
            "aws_lambda_function.lambdas"
          ]
        }
      ]
    },
    {
      "mode": "managed",
      "type": "aws_lambda_permission",
      "name": "ApiGatewayCardReport",
      "provider": "provider[\"registry.terraform.io/hashicorp/aws\"]",
      "instances": [
        {
          "schema_version": 0,
          "attributes": {
            "action": "lambda:InvokeFunction",
            "event_source_token": null,
            "function_name": "card-get-report-lambda",
            "function_url_auth_type": null,
            "id": "AllowExecutionFromAPIGatewayCardReport",
            "principal": "apigateway.amazonaws.com",
            "principal_org_id": null,
            "qualifier": "",
            "source_account": null,
            "source_arn": "arn:aws:execute-api:us-east-2:346225465782:gpnsdirwac/*/GET/Transaction/card/*",
            "statement_id": "AllowExecutionFromAPIGatewayCardReport",
            "statement_id_prefix": ""
          },
          "sensitive_attributes": [],
          "identity_schema_version": 0,
          "private": "bnVsbA==",
          "dependencies": [
            "aws_api_gateway_rest_api.CardApi",
            "aws_iam_role.iam_for_lambda",
            "aws_lambda_function.lambdas"
          ]
        }
      ]
    },
    {
      "mode": "managed",
      "type": "aws_lambda_permission",
      "name": "ApiGatewayTransactionsPurchase",
      "provider": "provider[\"registry.terraform.io/hashicorp/aws\"]",
      "instances": [
        {
          "schema_version": 0,
          "attributes": {
            "action": "lambda:InvokeFunction",
            "event_source_token": null,
            "function_name": "card-purchase-lambda",
            "function_url_auth_type": null,
            "id": "AllowExecutionFromAPIGatewayTransactionsPurchase",
            "principal": "apigateway.amazonaws.com",
            "principal_org_id": null,
            "qualifier": "",
            "source_account": null,
            "source_arn": "arn:aws:execute-api:us-east-2:346225465782:gpnsdirwac/*/POST/Transaction/transactions/purchase",
            "statement_id": "AllowExecutionFromAPIGatewayTransactionsPurchase",
            "statement_id_prefix": ""
          },
          "sensitive_attributes": [],
          "identity_schema_version": 0,
          "private": "bnVsbA==",
          "dependencies": [
            "aws_api_gateway_rest_api.CardApi",
            "aws_iam_role.iam_for_lambda",
            "aws_lambda_function.lambdas"
          ]
        }
      ]
    },
    {
      "mode": "managed",
      "type": "aws_lambda_permission",
      "name": "ApiGatewayTransactionsSave",
      "provider": "provider[\"registry.terraform.io/hashicorp/aws\"]",
      "instances": [
        {
          "schema_version": 0,
          "attributes": {
            "action": "lambda:InvokeFunction",
            "event_source_token": null,
            "function_name": "card-transaction-save-lambda",
            "function_url_auth_type": null,
            "id": "AllowExecutionFromAPIGatewayTransactionsSave",
            "principal": "apigateway.amazonaws.com",
            "principal_org_id": null,
            "qualifier": "",
            "source_account": null,
            "source_arn": "arn:aws:execute-api:us-east-2:346225465782:gpnsdirwac/*/POST/Transaction/transactions/save/*",
            "statement_id": "AllowExecutionFromAPIGatewayTransactionsSave",
            "statement_id_prefix": ""
          },
          "sensitive_attributes": [],
          "identity_schema_version": 0,
          "private": "bnVsbA==",
          "dependencies": [
            "aws_api_gateway_rest_api.CardApi",
            "aws_iam_role.iam_for_lambda",
            "aws_lambda_function.lambdas"
          ]
        }
      ]
    },
    {
      "mode": "managed",
      "type": "aws_s3_bucket",
      "name": "transaction_bucket",
      "provider": "provider[\"registry.terraform.io/hashicorp/aws\"]",
      "instances": [
        {
          "schema_version": 0,
          "attributes": {
            "acceleration_status": "",
            "acl": null,
            "arn": "arn:aws:s3:::bucket-cardse3013575",
            "bucket": "bucket-cardse3013575",
            "bucket_domain_name": "bucket-cardse3013575.s3.amazonaws.com",
            "bucket_prefix": "",
            "bucket_regional_domain_name": "bucket-cardse3013575.s3.us-east-2.amazonaws.com",
            "cors_rule": [],
            "force_destroy": false,
            "grant": [
              {
                "id": "cc342cd3e3c6ee52db5e9aa8a01f90d89d11169a4b7210bfdce0733198980837",
                "permissions": [
                  "FULL_CONTROL"
                ],
                "type": "CanonicalUser",
                "uri": ""
              }
            ],
            "hosted_zone_id": "Z2O1EMRO9K5GLX",
            "id": "bucket-cardse3013575",
            "lifecycle_rule": [],
            "logging": [],
            "object_lock_configuration": [],
            "object_lock_enabled": false,
            "policy": "",
            "region": "us-east-2",
            "replication_configuration": [],
            "request_payer": "BucketOwner",
            "server_side_encryption_configuration": [
              {
                "rule": [
                  {
                    "apply_server_side_encryption_by_default": [
                      {
                        "kms_master_key_id": "",
                        "sse_algorithm": "AES256"
                      }
                    ],
                    "bucket_key_enabled": false
                  }
                ]
              }
            ],
            "tags": {
              "Environment": "cardse3013575",
              "Owner": "Sebastian",
              "Service": "TransactionApi",
              "Team": "Backend"
            },
            "tags_all": {
              "Environment": "cardse3013575",
              "Owner": "Sebastian",
              "Service": "TransactionApi",
              "Team": "Backend"
            },
            "timeouts": null,
            "versioning": [
              {
                "enabled": false,
                "mfa_delete": false
              }
            ],
            "website": [],
            "website_domain": null,
            "website_endpoint": null
          },
          "sensitive_attributes": [],
          "identity_schema_version": 0,
          "private": "eyJlMmJmYjczMC1lY2FhLTExZTYtOGY4OC0zNDM2M2JjN2M0YzAiOnsiY3JlYXRlIjoxMjAwMDAwMDAwMDAwLCJkZWxldGUiOjM2MDAwMDAwMDAwMDAsInJlYWQiOjEyMDAwMDAwMDAwMDAsInVwZGF0ZSI6MTIwMDAwMDAwMDAwMH19"
        }
      ]
    },
    {
      "mode": "managed",
      "type": "aws_sqs_queue",
      "name": "transaction_dlq",
      "provider": "provider[\"registry.terraform.io/hashicorp/aws\"]",
      "instances": [
        {
          "schema_version": 0,
          "attributes": {
            "arn": "arn:aws:sqs:us-east-2:346225465782:create-request-card-dlq",
            "content_based_deduplication": false,
            "deduplication_scope": "",
            "delay_seconds": 0,
            "fifo_queue": false,
            "fifo_throughput_limit": "",
            "id": "https://sqs.us-east-2.amazonaws.com/346225465782/create-request-card-dlq",
            "kms_data_key_reuse_period_seconds": 300,
            "kms_master_key_id": "",
            "max_message_size": 262144,
            "message_retention_seconds": 3600,
            "name": "create-request-card-dlq",
            "name_prefix": "",
            "policy": "",
            "receive_wait_time_seconds": 0,
            "redrive_allow_policy": "",
            "redrive_policy": "",
            "sqs_managed_sse_enabled": true,
            "tags": {},
            "tags_all": {},
            "timeouts": null,
            "url": "https://sqs.us-east-2.amazonaws.com/346225465782/create-request-card-dlq",
            "visibility_timeout_seconds": 30
          },
          "sensitive_attributes": [],
          "identity_schema_version": 0,
          "private": "eyJlMmJmYjczMC1lY2FhLTExZTYtOGY4OC0zNDM2M2JjN2M0YzAiOnsiY3JlYXRlIjoxODAwMDAwMDAwMDAsImRlbGV0ZSI6MTgwMDAwMDAwMDAwLCJ1cGRhdGUiOjE4MDAwMDAwMDAwMH19"
        }
      ]
    },
    {
      "mode": "managed",
      "type": "aws_sqs_queue",
      "name": "transaction_queue",
      "provider": "provider[\"registry.terraform.io/hashicorp/aws\"]",
      "instances": [
        {
          "schema_version": 0,
          "attributes": {
            "arn": "arn:aws:sqs:us-east-2:346225465782:create-request-card-sqs",
            "content_based_deduplication": false,
            "deduplication_scope": "",
            "delay_seconds": 0,
            "fifo_queue": false,
            "fifo_throughput_limit": "",
            "id": "https://sqs.us-east-2.amazonaws.com/346225465782/create-request-card-sqs",
            "kms_data_key_reuse_period_seconds": 300,
            "kms_master_key_id": "",
            "max_message_size": 262144,
            "message_retention_seconds": 345600,
            "name": "create-request-card-sqs",
            "name_prefix": "",
            "policy": "",
            "receive_wait_time_seconds": 10,
            "redrive_allow_policy": "",
            "redrive_policy": "{\"deadLetterTargetArn\":\"arn:aws:sqs:us-east-2:346225465782:create-request-card-dlq\",\"maxReceiveCount\":5}",
            "sqs_managed_sse_enabled": true,
            "tags": {},
            "tags_all": {},
            "timeouts": null,
            "url": "https://sqs.us-east-2.amazonaws.com/346225465782/create-request-card-sqs",
            "visibility_timeout_seconds": 900
          },
          "sensitive_attributes": [],
          "identity_schema_version": 0,
          "private": "eyJlMmJmYjczMC1lY2FhLTExZTYtOGY4OC0zNDM2M2JjN2M0YzAiOnsiY3JlYXRlIjoxODAwMDAwMDAwMDAsImRlbGV0ZSI6MTgwMDAwMDAwMDAwLCJ1cGRhdGUiOjE4MDAwMDAwMDAwMH19",
          "dependencies": [
            "aws_sqs_queue.transaction_dlq"
          ]
        }
      ]
    }
  ],
  "check_results": null
}
