{
  "version": 4,
  "terraform_version": "1.13.1",
  "serial": 110,
  "lineage": "105321ff-a4b8-9290-2c12-a34ffb27af92",
  "outputs": {
    "api_url_card_activate": {
      "value": "https://gpnsdirwac.execute-api.us-east-2.amazonaws.com/prod/Transaction/card/activate",
      "type": "string"
    },
    "api_url_card_create": {
      "value": "https://gpnsdirwac.execute-api.us-east-2.amazonaws.com/prod/Transaction/card/create",
      "type": "string"
    },
    "api_url_card_paid": {
      "value": "https://gpnsdirwac.execute-api.us-east-2.amazonaws.com/prod/Transaction/card/paid/{cardId}",
      "type": "string"
    },
    "api_url_card_purchase": {
      "value": "https://gpnsdirwac.execute-api.us-east-2.amazonaws.com/prod/Transaction/transactions/purchase",
      "type": "string"
    },
    "api_url_card_report": {
      "value": "https://gpnsdirwac.execute-api.us-east-2.amazonaws.com/prod/Transaction/card/{cardId}",
      "type": "string"
    },
    "api_url_card_save": {
      "value": "https://gpnsdirwac.execute-api.us-east-2.amazonaws.com/prod/Transaction/transactions/save/{cardId}",
      "type": "string"
    }
  },
  "resources": [
    {
      "mode": "managed",
      "type": "aws_api_gateway_deployment",
      "name": "CardApiDeployment",
      "provider": "provider[\"registry.terraform.io/hashicorp/aws\"]",
      "instances": [
        {
          "schema_version": 0,
          "attributes": {
            "canary_settings": [],
            "created_date": "2025-09-06T19:08:10Z",
            "description": "",
            "execution_arn": "arn:aws:execute-api:us-east-2:346225465782:gpnsdirwac/",
            "id": "hdczxm",
            "invoke_url": "https://gpnsdirwac.execute-api.us-east-2.amazonaws.com/",
            "rest_api_id": "gpnsdirwac",
            "stage_description": null,
            "stage_name": null,
            "triggers": null,
            "variables": null
          },
          "sensitive_attributes": [],
          "identity_schema_version": 0,
          "private": "bnVsbA==",
          "dependencies": [
            "aws_api_gateway_integration.IntegrationCardPaid",
            "aws_api_gateway_integration.IntegrationCardReport",
            "aws_api_gateway_integration.IntegrationPostCardActivate",
            "aws_api_gateway_integration.IntegrationPostCardCreate",
            "aws_api_gateway_integration.IntegrationTransactionsPurchase",
            "aws_api_gateway_integration.IntegrationTransactionsSave",
            "aws_api_gateway_method.GetCardReport",
            "aws_api_gateway_method.PostCardActivate",
            "aws_api_gateway_method.PostCardCreate",
            "aws_api_gateway_method.PostCardPaid",
            "aws_api_gateway_method.PostTransactionsPurchase",
            "aws_api_gateway_method.PostTransactionsSave",
            "aws_api_gateway_resource.CardActivate",
            "aws_api_gateway_resource.CardCreate",
            "aws_api_gateway_resource.CardPaid",
            "aws_api_gateway_resource.CardPaidCardId",
            "aws_api_gateway_resource.CardReport",
            "aws_api_gateway_resource.CardResource",
            "aws_api_gateway_resource.TransactionResource",
            "aws_api_gateway_resource.TransactionsPurchase",
            "aws_api_gateway_resource.TransactionsResource",
            "aws_api_gateway_resource.TransactionsSave",
            "aws_api_gateway_resource.TransactionsSaveCardId",
            "aws_api_gateway_rest_api.CardApi",
            "aws_iam_role.iam_for_lambda",
            "aws_lambda_function.lambdas"
          ]
        }
      ]
    },
    {
      "mode": "managed",
      "type": "aws_api_gateway_integration",
      "name": "IntegrationCardPaid",
      "provider": "provider[\"registry.terraform.io/hashicorp/aws\"]",
      "instances": [
        {
          "schema_version": 0,
          "attributes": {
            "cache_key_parameters": null,
            "cache_namespace": "fe7eyh",
            "connection_id": "",
            "connection_type": "INTERNET",
            "content_handling": "",
            "credentials": "",
            "http_method": "POST",
            "id": "agi-gpnsdirwac-fe7eyh-POST",
            "integration_http_method": "POST",
            "passthrough_behavior": "WHEN_NO_MATCH",
            "request_parameters": null,
            "request_templates": null,
            "resource_id": "fe7eyh",
            "rest_api_id": "gpnsdirwac",
            "timeout_milliseconds": 29000,
            "tls_config": [],
            "type": "AWS_PROXY",
            "uri": "arn:aws:apigateway:us-east-2:lambda:path/2015-03-31/functions/arn:aws:lambda:us-east-2:346225465782:function:card-paid-credit-card-lambda/invocations"
          },
          "sensitive_attributes": [],
          "identity_schema_version": 0,
          "private": "bnVsbA==",
          "dependencies": [
            "aws_api_gateway_method.PostCardPaid",
            "aws_api_gateway_resource.CardPaid",
            "aws_api_gateway_resource.CardPaidCardId",
            "aws_api_gateway_resource.CardResource",
            "aws_api_gateway_resource.TransactionResource",
            "aws_api_gateway_rest_api.CardApi",
            "aws_iam_role.iam_for_lambda",
            "aws_lambda_function.lambdas"
          ]
        }
      ]
    },
    {
      "mode": "managed",
      "type": "aws_api_gateway_integration",
      "name": "IntegrationCardReport",
      "provider": "provider[\"registry.terraform.io/hashicorp/aws\"]",
      "instances": [
        {
          "schema_version": 0,
          "attributes": {
            "cache_key_parameters": null,
            "cache_namespace": "fus25k",
            "connection_id": "",
            "connection_type": "INTERNET",
            "content_handling": "",
            "credentials": "",
            "http_method": "GET",
            "id": "agi-gpnsdirwac-fus25k-GET",
            "integration_http_method": "POST",
            "passthrough_behavior": "WHEN_NO_MATCH",
            "request_parameters": null,
            "request_templates": null,
            "resource_id": "fus25k",
            "rest_api_id": "gpnsdirwac",
            "timeout_milliseconds": 29000,
            "tls_config": [],
            "type": "AWS_PROXY",
            "uri": "arn:aws:apigateway:us-east-2:lambda:path/2015-03-31/functions/arn:aws:lambda:us-east-2:346225465782:function:card-get-report-lambda/invocations"
          },
          "sensitive_attributes": [],
          "identity_schema_version": 0,
          "private": "bnVsbA==",
          "dependencies": [
            "aws_api_gateway_method.GetCardReport",
            "aws_api_gateway_resource.CardReport",
            "aws_api_gateway_resource.CardResource",
            "aws_api_gateway_resource.TransactionResource",
            "aws_api_gateway_rest_api.CardApi",
            "aws_iam_role.iam_for_lambda",
            "aws_lambda_function.lambdas"
          ]
        }
      ]
    },
    {
      "mode": "managed",
      "type": "aws_api_gateway_integration",
      "name": "IntegrationPostCardActivate",
      "provider": "provider[\"registry.terraform.io/hashicorp/aws\"]",
      "instances": [
        {
          "schema_version": 0,
          "attributes": {
            "cache_key_parameters": [],
            "cache_namespace": "25hrgk",
            "connection_id": "",
            "connection_type": "INTERNET",
            "content_handling": "",
            "credentials": "",
            "http_method": "POST",
            "id": "agi-gpnsdirwac-25hrgk-POST",
            "integration_http_method": "POST",
            "passthrough_behavior": "WHEN_NO_MATCH",
            "request_parameters": {},
            "request_templates": {},
            "resource_id": "25hrgk",
            "rest_api_id": "gpnsdirwac",
            "timeout_milliseconds": 29000,
            "tls_config": [],
            "type": "AWS_PROXY",
            "uri": "arn:aws:apigateway:us-east-2:lambda:path/2015-03-31/functions/arn:aws:lambda:us-east-2:346225465782:function:card-activate-lambda/invocations"
          },
          "sensitive_attributes": [],
          "identity_schema_version": 0,
          "private": "bnVsbA==",
          "dependencies": [
            "aws_api_gateway_method.PostCardActivate",
            "aws_api_gateway_resource.CardActivate",
            "aws_api_gateway_resource.CardResource",
            "aws_api_gateway_resource.TransactionResource",
            "aws_api_gateway_rest_api.CardApi",
            "aws_iam_role.iam_for_lambda",
            "aws_lambda_function.lambdas"
          ]
        }
      ]
    },
    {
      "mode": "managed",
      "type": "aws_api_gateway_integration",
      "name": "IntegrationPostCardCreate",
      "provider": "provider[\"registry.terraform.io/hashicorp/aws\"]",
      "instances": [
        {
          "schema_version": 0,
          "attributes": {
            "cache_key_parameters": null,
            "cache_namespace": "vxgx4v",
            "connection_id": "",
            "connection_type": "INTERNET",
            "content_handling": "",
            "credentials": "",
            "http_method": "POST",
            "id": "agi-gpnsdirwac-vxgx4v-POST",
            "integration_http_method": "POST",
            "passthrough_behavior": "WHEN_NO_MATCH",
            "request_parameters": null,
            "request_templates": null,
            "resource_id": "vxgx4v",
            "rest_api_id": "gpnsdirwac",
            "timeout_milliseconds": 29000,
            "tls_config": [],
            "type": "AWS_PROXY",
            "uri": "arn:aws:apigateway:us-east-2:lambda:path/2015-03-31/functions/arn:aws:lambda:us-east-2:346225465782:function:create-request-card-lambda/invocations"
          },
          "sensitive_attributes": [],
          "identity_schema_version": 0,
          "private": "bnVsbA==",
          "dependencies": [
            "aws_api_gateway_method.PostCardCreate",
            "aws_api_gateway_resource.CardCreate",
            "aws_api_gateway_resource.CardResource",
            "aws_api_gateway_resource.TransactionResource",
            "aws_api_gateway_rest_api.CardApi",
            "aws_iam_role.iam_for_lambda",
            "aws_lambda_function.lambdas"
          ]
        }
      ]
    },
    {
      "mode": "managed",
      "type": "aws_api_gateway_integration",
      "name": "IntegrationTransactionsPurchase",
      "provider": "provider[\"registry.terraform.io/hashicorp/aws\"]",
      "instances": [
        {
          "schema_version": 0,
          "attributes": {
            "cache_key_parameters": null,
            "cache_namespace": "eqrvva",
            "connection_id": "",
            "connection_type": "INTERNET",
            "content_handling": "",
            "credentials": "",
            "http_method": "POST",
            "id": "agi-gpnsdirwac-eqrvva-POST",
            "integration_http_method": "POST",
            "passthrough_behavior": "WHEN_NO_MATCH",
            "request_parameters": null,
            "request_templates": null,
            "resource_id": "eqrvva",
            "rest_api_id": "gpnsdirwac",
            "timeout_milliseconds": 29000,
            "tls_config": [],
            "type": "AWS_PROXY",
            "uri": "arn:aws:apigateway:us-east-2:lambda:path/2015-03-31/functions/arn:aws:lambda:us-east-2:346225465782:function:card-purchase-lambda/invocations"
          },
          "sensitive_attributes": [],
          "identity_schema_version": 0,
          "private": "bnVsbA==",
          "dependencies": [
            "aws_api_gateway_method.PostTransactionsPurchase",
            "aws_api_gateway_resource.TransactionResource",
            "aws_api_gateway_resource.TransactionsPurchase",
            "aws_api_gateway_resource.TransactionsResource",
            "aws_api_gateway_rest_api.CardApi",
            "aws_iam_role.iam_for_lambda",
            "aws_lambda_function.lambdas"
          ]
        }
      ]
    },
    {
      "mode": "managed",
      "type": "aws_api_gateway_integration",
      "name": "IntegrationTransactionsSave",
      "provider": "provider[\"registry.terraform.io/hashicorp/aws\"]",
      "instances": [
        {
          "schema_version": 0,
          "attributes": {
            "cache_key_parameters": null,
            "cache_namespace": "4wgpln",
            "connection_id": "",
            "connection_type": "INTERNET",
            "content_handling": "",
            "credentials": "",
            "http_method": "POST",
            "id": "agi-gpnsdirwac-4wgpln-POST",
            "integration_http_method": "POST",
            "passthrough_behavior": "WHEN_NO_MATCH",
            "request_parameters": null,
            "request_templates": null,
            "resource_id": "4wgpln",
            "rest_api_id": "gpnsdirwac",
            "timeout_milliseconds": 29000,
            "tls_config": [],
            "type": "AWS_PROXY",
            "uri": "arn:aws:apigateway:us-east-2:lambda:path/2015-03-31/functions/arn:aws:lambda:us-east-2:346225465782:function:card-transaction-save-lambda/invocations"
          },
          "sensitive_attributes": [],
          "identity_schema_version": 0,
          "private": "bnVsbA==",
          "dependencies": [
            "aws_api_gateway_method.PostTransactionsSave",
            "aws_api_gateway_resource.TransactionResource",
            "aws_api_gateway_resource.TransactionsResource",
            "aws_api_gateway_resource.TransactionsSave",
            "aws_api_gateway_resource.TransactionsSaveCardId",
            "aws_api_gateway_rest_api.CardApi",
            "aws_iam_role.iam_for_lambda",
            "aws_lambda_function.lambdas"
          ]
        }
      ]
    },
    {
      "mode": "managed",
      "type": "aws_api_gateway_method",
      "name": "GetCardReport",
      "provider": "provider[\"registry.terraform.io/hashicorp/aws\"]",
      "instances": [
        {
          "schema_version": 0,
          "attributes": {
            "api_key_required": false,
            "authorization": "NONE",
            "authorization_scopes": null,
            "authorizer_id": null,
            "http_method": "GET",
            "id": "agm-gpnsdirwac-fus25k-GET",
            "operation_name": null,
            "request_models": null,
            "request_parameters": null,
            "request_validator_id": null,
            "resource_id": "fus25k",
            "rest_api_id": "gpnsdirwac"
          },
          "sensitive_attributes": [],
          "identity_schema_version": 0,
          "private": "bnVsbA==",
          "dependencies": [
            "aws_api_gateway_resource.CardReport",
            "aws_api_gateway_resource.CardResource",
            "aws_api_gateway_resource.TransactionResource",
            "aws_api_gateway_rest_api.CardApi"
          ]
        }
      ]
    },
    {
      "mode": "managed",
      "type": "aws_api_gateway_method",
      "name": "PostCardActivate",
      "provider": "provider[\"registry.terraform.io/hashicorp/aws\"]",
      "instances": [
        {
          "schema_version": 0,
          "attributes": {
            "api_key_required": false,
            "authorization": "NONE",
            "authorization_scopes": [],
            "authorizer_id": "",
            "http_method": "POST",
            "id": "agm-gpnsdirwac-25hrgk-POST",
            "operation_name": "",
            "request_models": {},
            "request_parameters": {},
            "request_validator_id": "",
            "resource_id": "25hrgk",
            "rest_api_id": "gpnsdirwac"
          },
          "sensitive_attributes": [],
          "identity_schema_version": 0,
          "private": "bnVsbA==",
          "dependencies": [
            "aws_api_gateway_resource.CardActivate",
            "aws_api_gateway_resource.CardResource",
            "aws_api_gateway_resource.TransactionResource",
            "aws_api_gateway_rest_api.CardApi"
          ]
        }
      ]
    },
    {
      "mode": "managed",
      "type": "aws_api_gateway_method",
      "name": "PostCardCreate",
      "provider": "provider[\"registry.terraform.io/hashicorp/aws\"]",
      "instances": [
        {
          "schema_version": 0,
          "attributes": {
            "api_key_required": false,
            "authorization": "NONE",
            "authorization_scopes": null,
            "authorizer_id": null,
            "http_method": "POST",
            "id": "agm-gpnsdirwac-vxgx4v-POST",
            "operation_name": null,
            "request_models": null,
            "request_parameters": null,
            "request_validator_id": null,
            "resource_id": "vxgx4v",
            "rest_api_id": "gpnsdirwac"
          },
          "sensitive_attributes": [],
          "identity_schema_version": 0,
          "private": "bnVsbA==",
          "dependencies": [
            "aws_api_gateway_resource.CardCreate",
            "aws_api_gateway_resource.CardResource",
            "aws_api_gateway_resource.TransactionResource",
            "aws_api_gateway_rest_api.CardApi"
          ]
        }
      ]
    },
    {
      "mode": "managed",
      "type": "aws_api_gateway_method",
      "name": "PostCardPaid",
      "provider": "provider[\"registry.terraform.io/hashicorp/aws\"]",
      "instances": [
        {
          "schema_version": 0,
          "attributes": {
            "api_key_required": false,
            "authorization": "NONE",
            "authorization_scopes": null,
            "authorizer_id": null,
            "http_method": "POST",
            "id": "agm-gpnsdirwac-fe7eyh-POST",
            "operation_name": null,
            "request_models": null,
            "request_parameters": null,
            "request_validator_id": null,
            "resource_id": "fe7eyh",
            "rest_api_id": "gpnsdirwac"
          },
          "sensitive_attributes": [],
          "identity_schema_version": 0,
          "private": "bnVsbA==",
          "dependencies": [
            "aws_api_gateway_resource.CardPaid",
            "aws_api_gateway_resource.CardPaidCardId",
            "aws_api_gateway_resource.CardResource",
            "aws_api_gateway_resource.TransactionResource",
            "aws_api_gateway_rest_api.CardApi"
          ]
        }
      ]
    },
    {
      "mode": "managed",
      "type": "aws_api_gateway_method",
      "name": "PostTransactionsPurchase",
      "provider": "provider[\"registry.terraform.io/hashicorp/aws\"]",
      "instances": [
        {
          "schema_version": 0,
          "attributes": {
            "api_key_required": false,
            "authorization": "NONE",
            "authorization_scopes": null,
            "authorizer_id": null,
            "http_method": "POST",
            "id": "agm-gpnsdirwac-eqrvva-POST",
            "operation_name": null,
            "request_models": null,
            "request_parameters": null,
            "request_validator_id": null,
            "resource_id": "eqrvva",
            "rest_api_id": "gpnsdirwac"
          },
          "sensitive_attributes": [],
          "identity_schema_version": 0,
          "private": "bnVsbA==",
          "dependencies": [
            "aws_api_gateway_resource.TransactionResource",
            "aws_api_gateway_resource.TransactionsPurchase",
            "aws_api_gateway_resource.TransactionsResource",
            "aws_api_gateway_rest_api.CardApi"
          ]
        }
      ]
    },
    {
      "mode": "managed",
      "type": "aws_api_gateway_method",
      "name": "PostTransactionsSave",
      "provider": "provider[\"registry.terraform.io/hashicorp/aws\"]",
      "instances": [
        {
          "schema_version": 0,
          "attributes": {
            "api_key_required": false,
            "authorization": "NONE",
            "authorization_scopes": null,
            "authorizer_id": null,
            "http_method": "POST",
            "id": "agm-gpnsdirwac-4wgpln-POST",
            "operation_name": null,
            "request_models": null,
            "request_parameters": null,
            "request_validator_id": null,
            "resource_id": "4wgpln",
            "rest_api_id": "gpnsdirwac"
          },
          "sensitive_attributes": [],
          "identity_schema_version": 0,
          "private": "bnVsbA==",
          "dependencies": [
            "aws_api_gateway_resource.TransactionResource",
            "aws_api_gateway_resource.TransactionsResource",
            "aws_api_gateway_resource.TransactionsSave",
            "aws_api_gateway_resource.TransactionsSaveCardId",
            "aws_api_gateway_rest_api.CardApi"
          ]
        }
      ]
    },
    {
      "mode": "managed",
      "type": "aws_api_gateway_resource",
      "name": "CardActivate",
      "provider": "provider[\"registry.terraform.io/hashicorp/aws\"]",
      "instances": [
        {
          "schema_version": 0,
          "attributes": {
            "id": "25hrgk",
            "parent_id": "h6kbqm",
            "path": "/Transaction/card/activate",
            "path_part": "activate",
            "rest_api_id": "gpnsdirwac"
          },
          "sensitive_attributes": [],
          "identity_schema_version": 0,
          "private": "bnVsbA==",
          "dependencies": [
            "aws_api_gateway_resource.CardResource",
            "aws_api_gateway_resource.TransactionResource",
            "aws_api_gateway_rest_api.CardApi"
          ]
        }
      ]
    },
    {
      "mode": "managed",
      "type": "aws_api_gateway_resource",
      "name": "CardCreate",
      "provider": "provider[\"registry.terraform.io/hashicorp/aws\"]",
      "instances": [
        {
          "schema_version": 0,
          "attributes": {
            "id": "vxgx4v",
            "parent_id": "h6kbqm",
            "path": "/Transaction/card/create",
            "path_part": "create",
            "rest_api_id": "gpnsdirwac"
          },
          "sensitive_attributes": [],
          "identity_schema_version": 0,
          "private": "bnVsbA==",
          "dependencies": [
            "aws_api_gateway_resource.CardResource",
            "aws_api_gateway_resource.TransactionResource",
            "aws_api_gateway_rest_api.CardApi"
          ]
        }
      ]
    },
    {
      "mode": "managed",
      "type": "aws_api_gateway_resource",
      "name": "CardPaid",
      "provider": "provider[\"registry.terraform.io/hashicorp/aws\"]",
      "instances": [
        {
          "schema_version": 0,
          "attributes": {
            "id": "uxtp60",
            "parent_id": "h6kbqm",
            "path": "/Transaction/card/paid",
            "path_part": "paid",
            "rest_api_id": "gpnsdirwac"
          },
          "sensitive_attributes": [],
          "identity_schema_version": 0,
          "private": "bnVsbA==",
          "dependencies": [
            "aws_api_gateway_resource.CardResource",
            "aws_api_gateway_resource.TransactionResource",
            "aws_api_gateway_rest_api.CardApi"
          ]
        }
      ]
    },
    {
      "mode": "managed",
      "type": "aws_api_gateway_resource",
      "name": "CardPaidCardId",
      "provider": "provider[\"registry.terraform.io/hashicorp/aws\"]",
      "instances": [
        {
          "schema_version": 0,
          "attributes": {
            "id": "fe7eyh",
            "parent_id": "uxtp60",
            "path": "/Transaction/card/paid/{cardId}",
            "path_part": "{cardId}",
            "rest_api_id": "gpnsdirwac"
          },
          "sensitive_attributes": [],
          "identity_schema_version": 0,
          "private": "bnVsbA==",
          "dependencies": [
            "aws_api_gateway_resource.CardPaid",
            "aws_api_gateway_resource.CardResource",
            "aws_api_gateway_resource.TransactionResource",
            "aws_api_gateway_rest_api.CardApi"
          ]
        }
      ]
    },
    {
      "mode": "managed",
      "type": "aws_api_gateway_resource",
      "name": "CardReport",
      "provider": "provider[\"registry.terraform.io/hashicorp/aws\"]",
      "instances": [
        {
          "schema_version": 0,
          "attributes": {
            "id": "fus25k",
            "parent_id": "h6kbqm",
            "path": "/Transaction/card/{cardId}",
            "path_part": "{cardId}",
            "rest_api_id": "gpnsdirwac"
          },
          "sensitive_attributes": [],
          "identity_schema_version": 0,
          "private": "bnVsbA==",
          "dependencies": [
            "aws_api_gateway_resource.CardResource",
            "aws_api_gateway_resource.TransactionResource",
            "aws_api_gateway_rest_api.CardApi"
          ]
        }
      ]
    },
    {
      "mode": "managed",
      "type": "aws_api_gateway_resource",
      "name": "CardResource",
      "provider": "provider[\"registry.terraform.io/hashicorp/aws\"]",
      "instances": [
        {
          "schema_version": 0,
          "attributes": {
            "id": "h6kbqm",
            "parent_id": "su4byp",
            "path": "/Transaction/card",
            "path_part": "card",
            "rest_api_id": "gpnsdirwac"
          },
          "sensitive_attributes": [],
          "identity_schema_version": 0,
          "private": "bnVsbA==",
          "dependencies": [
            "aws_api_gateway_resource.TransactionResource",
            "aws_api_gateway_rest_api.CardApi"
          ]
        }
      ]
    },
    {
      "mode": "managed",
      "type": "aws_api_gateway_resource",
      "name": "TransactionResource",
      "provider": "provider[\"registry.terraform.io/hashicorp/aws\"]",
      "instances": [
        {
          "schema_version": 0,
          "attributes": {
            "id": "su4byp",
            "parent_id": "o9pyb087p0",
            "path": "/Transaction",
            "path_part": "Transaction",
            "rest_api_id": "gpnsdirwac"
          },
          "sensitive_attributes": [],
          "identity_schema_version": 0,
          "private": "bnVsbA==",
          "dependencies": [
            "aws_api_gateway_rest_api.CardApi"
          ]
        }
      ]
    },
    {
      "mode": "managed",
      "type": "aws_api_gateway_resource",
      "name": "TransactionsPurchase",
      "provider": "provider[\"registry.terraform.io/hashicorp/aws\"]",
      "instances": [
        {
          "schema_version": 0,
          "attributes": {
            "id": "eqrvva",
            "parent_id": "owfbe4",
            "path": "/Transaction/transactions/purchase",
            "path_part": "purchase",
            "rest_api_id": "gpnsdirwac"
          },
          "sensitive_attributes": [],
          "identity_schema_version": 0,
          "private": "bnVsbA==",
          "dependencies": [
            "aws_api_gateway_resource.TransactionResource",
            "aws_api_gateway_resource.TransactionsResource",
            "aws_api_gateway_rest_api.CardApi"
          ]
        }
      ]
    },
    {
      "mode": "managed",
      "type": "aws_api_gateway_resource",
      "name": "TransactionsResource",
      "provider": "provider[\"registry.terraform.io/hashicorp/aws\"]",
      "instances": [
        {
          "schema_version": 0,
          "attributes": {
            "id": "owfbe4",
            "parent_id": "su4byp",
            "path": "/Transaction/transactions",
            "path_part": "transactions",
            "rest_api_id": "gpnsdirwac"
          },
          "sensitive_attributes": [],
          "identity_schema_version": 0,
          "private": "bnVsbA==",
          "dependencies": [
            "aws_api_gateway_resource.TransactionResource",
            "aws_api_gateway_rest_api.CardApi"
          ]
        }
      ]
    },
    {
      "mode": "managed",
      "type": "aws_api_gateway_resource",
      "name": "TransactionsSave",
      "provider": "provider[\"registry.terraform.io/hashicorp/aws\"]",
      "instances": [
        {
          "schema_version": 0,
          "attributes": {
            "id": "1yoe2y",
            "parent_id": "owfbe4",
            "path": "/Transaction/transactions/save",
            "path_part": "save",
            "rest_api_id": "gpnsdirwac"
          },
          "sensitive_attributes": [],
          "identity_schema_version": 0,
          "private": "bnVsbA==",
          "dependencies": [
            "aws_api_gateway_resource.TransactionResource",
            "aws_api_gateway_resource.TransactionsResource",
            "aws_api_gateway_rest_api.CardApi"
          ]
        }
      ]
    },
    {
      "mode": "managed",
      "type": "aws_api_gateway_resource",
      "name": "TransactionsSaveCardId",
      "provider": "provider[\"registry.terraform.io/hashicorp/aws\"]",
      "instances": [
        {
          "schema_version": 0,
          "attributes": {
            "id": "4wgpln",
            "parent_id": "1yoe2y",
            "path": "/Transaction/transactions/save/{cardId}",
            "path_part": "{cardId}",
            "rest_api_id": "gpnsdirwac"
          },
          "sensitive_attributes": [],
          "identity_schema_version": 0,
          "private": "bnVsbA==",
          "dependencies": [
            "aws_api_gateway_resource.TransactionResource",
            "aws_api_gateway_resource.TransactionsResource",
            "aws_api_gateway_resource.TransactionsSave",
            "aws_api_gateway_rest_api.CardApi"
          ]
        }
      ]
    },
    {
      "mode": "managed",
      "type": "aws_api_gateway_rest_api",
      "name": "CardApi",
      "provider": "provider[\"registry.terraform.io/hashicorp/aws\"]",
      "instances": [
        {
          "schema_version": 0,
          "attributes": {
            "api_key_source": "HEADER",
            "arn": "arn:aws:apigateway:us-east-2::/restapis/gpnsdirwac",
            "binary_media_types": [],
            "body": null,
            "created_date": "2025-09-06T19:08:09Z",
            "description": "API para manejar tarjetas",
            "disable_execute_api_endpoint": false,
            "endpoint_configuration": [
              {
                "ip_address_type": "ipv4",
                "types": [
                  "EDGE"
                ],
                "vpc_endpoint_ids": []
              }
            ],
            "execution_arn": "arn:aws:execute-api:us-east-2:346225465782:gpnsdirwac",
            "fail_on_warnings": null,
            "id": "gpnsdirwac",
            "minimum_compression_size": "",
            "name": "CardApi",
            "parameters": null,
            "policy": "",
            "put_rest_api_mode": null,
            "root_resource_id": "o9pyb087p0",
            "tags": {},
            "tags_all": {}
          },
          "sensitive_attributes": [],
          "identity_schema_version": 0,
          "private": "bnVsbA=="
        }
      ]
    },
    {
      "mode": "managed",
      "type": "aws_api_gateway_stage",
      "name": "ProdStage",
      "provider": "provider[\"registry.terraform.io/hashicorp/aws\"]",
      "instances": [
        {
          "schema_version": 0,
          "attributes": {
            "access_log_settings": [],
            "arn": "arn:aws:apigateway:us-east-2::/restapis/gpnsdirwac/stages/prod",
            "cache_cluster_enabled": false,
            "cache_cluster_size": "",
            "canary_settings": [],
            "client_certificate_id": "",
            "deployment_id": "hdczxm",
            "description": "",
            "documentation_version": "",
            "execution_arn": "arn:aws:execute-api:us-east-2:346225465782:gpnsdirwac/prod",
            "id": "ags-gpnsdirwac-prod",
            "invoke_url": "https://gpnsdirwac.execute-api.us-east-2.amazonaws.com/prod",
            "rest_api_id": "gpnsdirwac",
            "stage_name": "prod",
            "tags": {},
            "tags_all": {},
            "variables": {},
            "web_acl_arn": "",
            "xray_tracing_enabled": false
          },
          "sensitive_attributes": [],
          "identity_schema_version": 0,
          "private": "bnVsbA==",
          "dependencies": [
            "aws_api_gateway_deployment.CardApiDeployment",
            "aws_api_gateway_integration.IntegrationCardPaid",
            "aws_api_gateway_integration.IntegrationCardReport",
            "aws_api_gateway_integration.IntegrationPostCardActivate",
            "aws_api_gateway_integration.IntegrationPostCardCreate",
            "aws_api_gateway_integration.IntegrationTransactionsPurchase",
            "aws_api_gateway_integration.IntegrationTransactionsSave",
            "aws_api_gateway_method.GetCardReport",
            "aws_api_gateway_method.PostCardActivate",
            "aws_api_gateway_method.PostCardCreate",
            "aws_api_gateway_method.PostCardPaid",
            "aws_api_gateway_method.PostTransactionsPurchase",
            "aws_api_gateway_method.PostTransactionsSave",
            "aws_api_gateway_resource.CardActivate",
            "aws_api_gateway_resource.CardCreate",
            "aws_api_gateway_resource.CardPaid",
            "aws_api_gateway_resource.CardPaidCardId",
            "aws_api_gateway_resource.CardReport",
            "aws_api_gateway_resource.CardResource",
            "aws_api_gateway_resource.TransactionResource",
            "aws_api_gateway_resource.TransactionsPurchase",
            "aws_api_gateway_resource.TransactionsResource",
            "aws_api_gateway_resource.TransactionsSave",
            "aws_api_gateway_resource.TransactionsSaveCardId",
            "aws_api_gateway_rest_api.CardApi",
            "aws_iam_role.iam_for_lambda",
            "aws_lambda_function.lambdas"
          ]
        }
      ]
    },
    {
      "mode": "managed",
      "type": "aws_iam_role",
      "name": "iam_for_lambda",
      "provider": "provider[\"registry.terraform.io/hashicorp/aws\"]",
      "instances": [
        {
          "schema_version": 0,
          "attributes": {
            "arn": "arn:aws:iam::346225465782:role/ExecutionLambda",
            "assume_role_policy": "{\"Statement\":[{\"Action\":\"sts:AssumeRole\",\"Effect\":\"Allow\",\"Principal\":{\"Service\":\"lambda.amazonaws.com\"}}],\"Version\":\"2012-10-17\"}",
            "create_date": "2025-09-06T18:41:00Z",
            "description": "",
            "force_detach_policies": false,
            "id": "ExecutionLambda",
            "inline_policy": [],
            "managed_policy_arns": [
              "arn:aws:iam::aws:policy/service-role/AWSLambdaBasicExecutionRole"
            ],
            "max_session_duration": 3600,
            "name": "ExecutionLambda",
            "name_prefix": "",
            "path": "/",
            "permissions_boundary": "",
            "tags": {},
            "tags_all": {},
            "unique_id": "AROAVBHFFLG3IHGGLVPIF"
          },
          "sensitive_attributes": [],
          "identity_schema_version": 0,
          "private": "bnVsbA=="
        }
      ]
    },
    {
      "mode": "managed",
      "type": "aws_iam_role_policy_attachment",
      "name": "lambda_basic_execution",
      "provider": "provider[\"registry.terraform.io/hashicorp/aws\"]",
      "instances": [
        {
          "schema_version": 0,
          "attributes": {
            "id": "ExecutionLambda-20250906184100287300000001",
            "policy_arn": "arn:aws:iam::aws:policy/service-role/AWSLambdaBasicExecutionRole",
            "role": "ExecutionLambda"
          },
          "sensitive_attributes": [],
          "identity_schema_version": 0,
          "private": "bnVsbA==",
          "dependencies": [
            "aws_iam_role.iam_for_lambda"
          ]
        }
      ]
    },
    {
      "mode": "managed",
      "type": "aws_lambda_function",
      "name": "lambdas",
      "provider": "provider[\"registry.terraform.io/hashicorp/aws\"]",
      "instances": [
        {
          "index_key": "card_activate",
          "schema_version": 0,
          "attributes": {
            "architectures": [
              "x86_64"
            ],
            "arn": "arn:aws:lambda:us-east-2:346225465782:function:card-activate-lambda",
            "code_sha256": "XW/4lTTA9xy7CN9R6e5m9yJr/JWKCc+OJ8Nw39venRs=",
            "code_signing_config_arn": "",
            "dead_letter_config": [],
            "description": "",
            "environment": [],
            "ephemeral_storage": [
              {
                "size": 512
              }
            ],
            "file_system_config": [],
            "filename": "./../../publish/app.zip",
            "function_name": "card-activate-lambda",
            "handler": "AWSTransactionApi::AWSTransactionApi.LambdaEntryPoint::FunctionHandlerAsync",
            "id": "card-activate-lambda",
            "image_config": [],
            "image_uri": "",
            "invoke_arn": "arn:aws:apigateway:us-east-2:lambda:path/2015-03-31/functions/arn:aws:lambda:us-east-2:346225465782:function:card-activate-lambda/invocations",
            "kms_key_arn": "",
            "last_modified": "2025-09-09T17:27:19.795+0000",
            "layers": null,
            "logging_config": [
              {
                "application_log_level": "",
                "log_format": "Text",
                "log_group": "/aws/lambda/card-activate-lambda",
                "system_log_level": ""
              }
            ],
            "memory_size": 512,
            "package_type": "Zip",
            "publish": true,
            "qualified_arn": "arn:aws:lambda:us-east-2:346225465782:function:card-activate-lambda:1",
            "qualified_invoke_arn": "arn:aws:apigateway:us-east-2:lambda:path/2015-03-31/functions/arn:aws:lambda:us-east-2:346225465782:function:card-activate-lambda:1/invocations",
            "replace_security_groups_on_destroy": null,
            "replacement_security_group_ids": null,
            "reserved_concurrent_executions": -1,
            "role": "arn:aws:iam::346225465782:role/ExecutionLambda",
            "runtime": "dotnet8",
            "s3_bucket": null,
            "s3_key": null,
            "s3_object_version": null,
            "signing_job_arn": "",
            "signing_profile_version_arn": "",
            "skip_destroy": false,
            "snap_start": [],
            "source_code_hash": "XW/4lTTA9xy7CN9R6e5m9yJr/JWKCc+OJ8Nw39venRs=",
            "source_code_size": 2029150,
            "tags": null,
            "tags_all": {},
            "timeout": 900,
            "timeouts": null,
            "tracing_config": [
              {
                "mode": "PassThrough"
              }
            ],
            "version": "1",
            "vpc_config": []
          },
          "sensitive_attributes": [],
          "identity_schema_version": 0,
          "private": "eyJlMmJmYjczMC1lY2FhLTExZTYtOGY4OC0zNDM2M2JjN2M0YzAiOnsiY3JlYXRlIjo2MDAwMDAwMDAwMDAsImRlbGV0ZSI6NjAwMDAwMDAwMDAwLCJ1cGRhdGUiOjYwMDAwMDAwMDAwMH19",
          "dependencies": [
            "aws_iam_role.iam_for_lambda"
          ]
        },
        {
          "index_key": "card_get_report",
          "schema_version": 0,
          "attributes": {
            "architectures": [
              "x86_64"
            ],
            "arn": "arn:aws:lambda:us-east-2:346225465782:function:card-get-report-lambda",
            "code_sha256": "XW/4lTTA9xy7CN9R6e5m9yJr/JWKCc+OJ8Nw39venRs=",
            "code_signing_config_arn": "",
            "dead_letter_config": [],
            "description": "",
            "environment": [],
            "ephemeral_storage": [
              {
                "size": 512
              }
            ],
            "file_system_config": [],
            "filename": "./../../publish/app.zip",
            "function_name": "card-get-report-lambda",
            "handler": "AWSTransactionApi::AWSTransactionApi.LambdaEntryPoint::FunctionHandlerAsync",
            "id": "card-get-report-lambda",
            "image_config": [],
            "image_uri": "",
            "invoke_arn": "arn:aws:apigateway:us-east-2:lambda:path/2015-03-31/functions/arn:aws:lambda:us-east-2:346225465782:function:card-get-report-lambda/invocations",
            "kms_key_arn": "",
            "last_modified": "2025-09-09T17:27:46.987+0000",
            "layers": null,
            "logging_config": [
              {
                "application_log_level": "",
                "log_format": "Text",
                "log_group": "/aws/lambda/card-get-report-lambda",
                "system_log_level": ""
              }
            ],
            "memory_size": 512,
            "package_type": "Zip",
            "publish": true,
            "qualified_arn": "arn:aws:lambda:us-east-2:346225465782:function:card-get-report-lambda:1",
            "qualified_invoke_arn": "arn:aws:apigateway:us-east-2:lambda:path/2015-03-31/functions/arn:aws:lambda:us-east-2:346225465782:function:card-get-report-lambda:1/invocations",
            "replace_security_groups_on_destroy": null,
            "replacement_security_group_ids": null,
            "reserved_concurrent_executions": -1,
            "role": "arn:aws:iam::346225465782:role/ExecutionLambda",
            "runtime": "dotnet8",
            "s3_bucket": null,
            "s3_key": null,
            "s3_object_version": null,
            "signing_job_arn": "",
            "signing_profile_version_arn": "",
            "skip_destroy": false,
            "snap_start": [],
            "source_code_hash": "XW/4lTTA9xy7CN9R6e5m9yJr/JWKCc+OJ8Nw39venRs=",
            "source_code_size": 2029150,
            "tags": null,
            "tags_all": {},
            "timeout": 900,
            "timeouts": null,
            "tracing_config": [
              {
                "mode": "PassThrough"
              }
            ],
            "version": "1",
            "vpc_config": []
          },
          "sensitive_attributes": [],
          "identity_schema_version": 0,
          "private": "eyJlMmJmYjczMC1lY2FhLTExZTYtOGY4OC0zNDM2M2JjN2M0YzAiOnsiY3JlYXRlIjo2MDAwMDAwMDAwMDAsImRlbGV0ZSI6NjAwMDAwMDAwMDAwLCJ1cGRhdGUiOjYwMDAwMDAwMDAwMH19",
          "dependencies": [
            "aws_iam_role.iam_for_lambda"
          ]
        },
        {
          "index_key": "card_paid_credit_card",
          "schema_version": 0,
          "attributes": {
            "architectures": [
              "x86_64"
            ],
            "arn": "arn:aws:lambda:us-east-2:346225465782:function:card-paid-credit-card-lambda",
            "code_sha256": "XW/4lTTA9xy7CN9R6e5m9yJr/JWKCc+OJ8Nw39venRs=",
            "code_signing_config_arn": "",
            "dead_letter_config": [],
            "description": "",
            "environment": [],
            "ephemeral_storage": [
              {
                "size": 512
              }
            ],
            "file_system_config": [],
            "filename": "./../../publish/app.zip",
            "function_name": "card-paid-credit-card-lambda",
            "handler": "AWSTransactionApi::AWSTransactionApi.LambdaEntryPoint::FunctionHandlerAsync",
            "id": "card-paid-credit-card-lambda",
            "image_config": [],
            "image_uri": "",
            "invoke_arn": "arn:aws:apigateway:us-east-2:lambda:path/2015-03-31/functions/arn:aws:lambda:us-east-2:346225465782:function:card-paid-credit-card-lambda/invocations",
            "kms_key_arn": "",
            "last_modified": "2025-09-09T17:27:40.212+0000",
            "layers": null,
            "logging_config": [
              {
                "application_log_level": "",
                "log_format": "Text",
                "log_group": "/aws/lambda/card-paid-credit-card-lambda",
                "system_log_level": ""
              }
            ],
            "memory_size": 512,
            "package_type": "Zip",
            "publish": true,
            "qualified_arn": "arn:aws:lambda:us-east-2:346225465782:function:card-paid-credit-card-lambda:1",
            "qualified_invoke_arn": "arn:aws:apigateway:us-east-2:lambda:path/2015-03-31/functions/arn:aws:lambda:us-east-2:346225465782:function:card-paid-credit-card-lambda:1/invocations",
            "replace_security_groups_on_destroy": null,
            "replacement_security_group_ids": null,
            "reserved_concurrent_executions": -1,
            "role": "arn:aws:iam::346225465782:role/ExecutionLambda",
            "runtime": "dotnet8",
            "s3_bucket": null,
            "s3_key": null,
            "s3_object_version": null,
            "signing_job_arn": "",
            "signing_profile_version_arn": "",
            "skip_destroy": false,
            "snap_start": [],
            "source_code_hash": "XW/4lTTA9xy7CN9R6e5m9yJr/JWKCc+OJ8Nw39venRs=",
            "source_code_size": 2029150,
            "tags": null,
            "tags_all": {},
            "timeout": 900,
            "timeouts": null,
            "tracing_config": [
              {
                "mode": "PassThrough"
              }
            ],
            "version": "1",
            "vpc_config": []
          },
          "sensitive_attributes": [],
          "identity_schema_version": 0,
          "private": "eyJlMmJmYjczMC1lY2FhLTExZTYtOGY4OC0zNDM2M2JjN2M0YzAiOnsiY3JlYXRlIjo2MDAwMDAwMDAwMDAsImRlbGV0ZSI6NjAwMDAwMDAwMDAwLCJ1cGRhdGUiOjYwMDAwMDAwMDAwMH19",
          "dependencies": [
            "aws_iam_role.iam_for_lambda"
          ]
        },
        {
          "index_key": "card_purchase",
          "schema_version": 0,
          "attributes": {
            "architectures": [
              "x86_64"
            ],
            "arn": "arn:aws:lambda:us-east-2:346225465782:function:card-purchase-lambda",
            "code_sha256": "XW/4lTTA9xy7CN9R6e5m9yJr/JWKCc+OJ8Nw39venRs=",
            "code_signing_config_arn": "",
            "dead_letter_config": [],
            "description": "",
            "environment": [],
            "ephemeral_storage": [
              {
                "size": 512
              }
            ],
            "file_system_config": [],
            "filename": "./../../publish/app.zip",
            "function_name": "card-purchase-lambda",
            "handler": "AWSTransactionApi::AWSTransactionApi.LambdaEntryPoint::FunctionHandlerAsync",
            "id": "card-purchase-lambda",
            "image_config": [],
            "image_uri": "",
            "invoke_arn": "arn:aws:apigateway:us-east-2:lambda:path/2015-03-31/functions/arn:aws:lambda:us-east-2:346225465782:function:card-purchase-lambda/invocations",
            "kms_key_arn": "",
            "last_modified": "2025-09-09T17:27:53.650+0000",
            "layers": null,
            "logging_config": [
              {
                "application_log_level": "",
                "log_format": "Text",
                "log_group": "/aws/lambda/card-purchase-lambda",
                "system_log_level": ""
              }
            ],
            "memory_size": 512,
            "package_type": "Zip",
            "publish": true,
            "qualified_arn": "arn:aws:lambda:us-east-2:346225465782:function:card-purchase-lambda:1",
            "qualified_invoke_arn": "arn:aws:apigateway:us-east-2:lambda:path/2015-03-31/functions/arn:aws:lambda:us-east-2:346225465782:function:card-purchase-lambda:1/invocations",
            "replace_security_groups_on_destroy": null,
            "replacement_security_group_ids": null,
            "reserved_concurrent_executions": -1,
            "role": "arn:aws:iam::346225465782:role/ExecutionLambda",
            "runtime": "dotnet8",
            "s3_bucket": null,
            "s3_key": null,
            "s3_object_version": null,
            "signing_job_arn": "",
            "signing_profile_version_arn": "",
            "skip_destroy": false,
            "snap_start": [],
            "source_code_hash": "XW/4lTTA9xy7CN9R6e5m9yJr/JWKCc+OJ8Nw39venRs=",
            "source_code_size": 2029150,
            "tags": null,
            "tags_all": {},
            "timeout": 900,
            "timeouts": null,
            "tracing_config": [
              {
                "mode": "PassThrough"
              }
            ],
            "version": "1",
            "vpc_config": []
          },
          "sensitive_attributes": [],
          "identity_schema_version": 0,
          "private": "eyJlMmJmYjczMC1lY2FhLTExZTYtOGY4OC0zNDM2M2JjN2M0YzAiOnsiY3JlYXRlIjo2MDAwMDAwMDAwMDAsImRlbGV0ZSI6NjAwMDAwMDAwMDAwLCJ1cGRhdGUiOjYwMDAwMDAwMDAwMH19",
          "dependencies": [
            "aws_iam_role.iam_for_lambda"
          ]
        },
        {
          "index_key": "card_request_failed",
          "schema_version": 0,
          "attributes": {
            "architectures": [
              "x86_64"
            ],
            "arn": "arn:aws:lambda:us-east-2:346225465782:function:card-request-failed",
            "code_sha256": "XW/4lTTA9xy7CN9R6e5m9yJr/JWKCc+OJ8Nw39venRs=",
            "code_signing_config_arn": "",
            "dead_letter_config": [],
            "description": "",
            "environment": [],
            "ephemeral_storage": [
              {
                "size": 512
              }
            ],
            "file_system_config": [],
            "filename": "./../../publish/app.zip",
            "function_name": "card-request-failed",
            "handler": "AWSTransactionApi::AWSTransactionApi.LambdaEntryPoint::FunctionHandlerAsync",
            "id": "card-request-failed",
            "image_config": [],
            "image_uri": "",
            "invoke_arn": "arn:aws:apigateway:us-east-2:lambda:path/2015-03-31/functions/arn:aws:lambda:us-east-2:346225465782:function:card-request-failed/invocations",
            "kms_key_arn": "",
            "last_modified": "2025-09-09T17:27:33.287+0000",
            "layers": null,
            "logging_config": [
              {
                "application_log_level": "",
                "log_format": "Text",
                "log_group": "/aws/lambda/card-request-failed",
                "system_log_level": ""
              }
            ],
            "memory_size": 512,
            "package_type": "Zip",
            "publish": true,
            "qualified_arn": "arn:aws:lambda:us-east-2:346225465782:function:card-request-failed:1",
            "qualified_invoke_arn": "arn:aws:apigateway:us-east-2:lambda:path/2015-03-31/functions/arn:aws:lambda:us-east-2:346225465782:function:card-request-failed:1/invocations",
            "replace_security_groups_on_destroy": null,
            "replacement_security_group_ids": null,
            "reserved_concurrent_executions": -1,
            "role": "arn:aws:iam::346225465782:role/ExecutionLambda",
            "runtime": "dotnet8",
            "s3_bucket": null,
            "s3_key": null,
            "s3_object_version": null,
            "signing_job_arn": "",
            "signing_profile_version_arn": "",
            "skip_destroy": false,
            "snap_start": [],
            "source_code_hash": "XW/4lTTA9xy7CN9R6e5m9yJr/JWKCc+OJ8Nw39venRs=",
            "source_code_size": 2029150,
            "tags": null,
            "tags_all": {},
            "timeout": 900,
            "timeouts": null,
            "tracing_config": [
              {
                "mode": "PassThrough"
              }
            ],
            "version": "1",
            "vpc_config": []
          },
          "sensitive_attributes": [],
          "identity_schema_version": 0,
          "private": "eyJlMmJmYjczMC1lY2FhLTExZTYtOGY4OC0zNDM2M2JjN2M0YzAiOnsiY3JlYXRlIjo2MDAwMDAwMDAwMDAsImRlbGV0ZSI6NjAwMDAwMDAwMDAwLCJ1cGRhdGUiOjYwMDAwMDAwMDAwMH19",
          "dependencies": [
            "aws_iam_role.iam_for_lambda"
          ]
        },
        {
          "index_key": "card_transaction_save",
          "schema_version": 0,
          "attributes": {
            "architectures": [
              "x86_64"
            ],
            "arn": "arn:aws:lambda:us-east-2:346225465782:function:card-transaction-save-lambda",
            "code_sha256": "XW/4lTTA9xy7CN9R6e5m9yJr/JWKCc+OJ8Nw39venRs=",
            "code_signing_config_arn": "",
            "dead_letter_config": [],
            "description": "",
            "environment": [],
            "ephemeral_storage": [
              {
                "size": 512
              }
            ],
            "file_system_config": [],
            "filename": "./../../publish/app.zip",
            "function_name": "card-transaction-save-lambda",
            "handler": "AWSTransactionApi::AWSTransactionApi.LambdaEntryPoint::FunctionHandlerAsync",
            "id": "card-transaction-save-lambda",
            "image_config": [],
            "image_uri": "",
            "invoke_arn": "arn:aws:apigateway:us-east-2:lambda:path/2015-03-31/functions/arn:aws:lambda:us-east-2:346225465782:function:card-transaction-save-lambda/invocations",
            "kms_key_arn": "",
            "last_modified": "2025-09-09T17:27:26.502+0000",
            "layers": null,
            "logging_config": [
              {
                "application_log_level": "",
                "log_format": "Text",
                "log_group": "/aws/lambda/card-transaction-save-lambda",
                "system_log_level": ""
              }
            ],
            "memory_size": 512,
            "package_type": "Zip",
            "publish": true,
            "qualified_arn": "arn:aws:lambda:us-east-2:346225465782:function:card-transaction-save-lambda:1",
            "qualified_invoke_arn": "arn:aws:apigateway:us-east-2:lambda:path/2015-03-31/functions/arn:aws:lambda:us-east-2:346225465782:function:card-transaction-save-lambda:1/invocations",
            "replace_security_groups_on_destroy": null,
            "replacement_security_group_ids": null,
            "reserved_concurrent_executions": -1,
            "role": "arn:aws:iam::346225465782:role/ExecutionLambda",
            "runtime": "dotnet8",
            "s3_bucket": null,
            "s3_key": null,
            "s3_object_version": null,
            "signing_job_arn": "",
            "signing_profile_version_arn": "",
            "skip_destroy": false,
            "snap_start": [],
            "source_code_hash": "XW/4lTTA9xy7CN9R6e5m9yJr/JWKCc+OJ8Nw39venRs=",
            "source_code_size": 2029150,
            "tags": null,
            "tags_all": {},
            "timeout": 900,
            "timeouts": null,
            "tracing_config": [
              {
                "mode": "PassThrough"
              }
            ],
            "version": "1",
            "vpc_config": []
          },
          "sensitive_attributes": [],
          "identity_schema_version": 0,
          "private": "eyJlMmJmYjczMC1lY2FhLTExZTYtOGY4OC0zNDM2M2JjN2M0YzAiOnsiY3JlYXRlIjo2MDAwMDAwMDAwMDAsImRlbGV0ZSI6NjAwMDAwMDAwMDAwLCJ1cGRhdGUiOjYwMDAwMDAwMDAwMH19",
          "dependencies": [
            "aws_iam_role.iam_for_lambda"
          ]
        },
        {
          "index_key": "create_request_card",
          "schema_version": 0,
          "attributes": {
            "architectures": [
              "x86_64"
            ],
            "arn": "arn:aws:lambda:us-east-2:346225465782:function:create-request-card-lambda",
            "code_sha256": "XW/4lTTA9xy7CN9R6e5m9yJr/JWKCc+OJ8Nw39venRs=",
            "code_signing_config_arn": "",
            "dead_letter_config": [],
            "description": "",
            "environment": [],
            "ephemeral_storage": [
              {
                "size": 512
              }
            ],
            "file_system_config": [],
            "filename": "./../../publish/app.zip",
            "function_name": "create-request-card-lambda",
            "handler": "AWSTransactionApi::AWSTransactionApi.LambdaEntryPoint::FunctionHandlerAsync",
            "id": "create-request-card-lambda",
            "image_config": [],
            "image_uri": "",
            "invoke_arn": "arn:aws:apigateway:us-east-2:lambda:path/2015-03-31/functions/arn:aws:lambda:us-east-2:346225465782:function:create-request-card-lambda/invocations",
            "kms_key_arn": "",
            "last_modified": "2025-09-09T17:28:00.387+0000",
            "layers": null,
            "logging_config": [
              {
                "application_log_level": "",
                "log_format": "Text",
                "log_group": "/aws/lambda/create-request-card-lambda",
                "system_log_level": ""
              }
            ],
            "memory_size": 512,
            "package_type": "Zip",
            "publish": true,
            "qualified_arn": "arn:aws:lambda:us-east-2:346225465782:function:create-request-card-lambda:1",
            "qualified_invoke_arn": "arn:aws:apigateway:us-east-2:lambda:path/2015-03-31/functions/arn:aws:lambda:us-east-2:346225465782:function:create-request-card-lambda:1/invocations",
            "replace_security_groups_on_destroy": null,
            "replacement_security_group_ids": null,
            "reserved_concurrent_executions": -1,
            "role": "arn:aws:iam::346225465782:role/ExecutionLambda",
            "runtime": "dotnet8",
            "s3_bucket": null,
            "s3_key": null,
            "s3_object_version": null,
            "signing_job_arn": "",
            "signing_profile_version_arn": "",
            "skip_destroy": false,
            "snap_start": [],
            "source_code_hash": "XW/4lTTA9xy7CN9R6e5m9yJr/JWKCc+OJ8Nw39venRs=",
            "source_code_size": 2029150,
            "tags": null,
            "tags_all": {},
            "timeout": 900,
            "timeouts": null,
            "tracing_config": [
              {
                "mode": "PassThrough"
              }
            ],
            "version": "1",
            "vpc_config": []
          },
          "sensitive_attributes": [],
          "identity_schema_version": 0,
          "private": "eyJlMmJmYjczMC1lY2FhLTExZTYtOGY4OC0zNDM2M2JjN2M0YzAiOnsiY3JlYXRlIjo2MDAwMDAwMDAwMDAsImRlbGV0ZSI6NjAwMDAwMDAwMDAwLCJ1cGRhdGUiOjYwMDAwMDAwMDAwMH19",
          "dependencies": [
            "aws_iam_role.iam_for_lambda"
          ]
        }
      ]
    },
    {
      "mode": "managed",
      "type": "aws_lambda_permission",
      "name": "ApiGatewayCardActivate",
      "provider": "provider[\"registry.terraform.io/hashicorp/aws\"]",
      "instances": [
        {
          "schema_version": 0,
          "attributes": {
            "action": "lambda:InvokeFunction",
            "event_source_token": null,
            "function_name": "card-activate-lambda",
            "function_url_auth_type": null,
            "id": "AllowExecutionFromAPIGatewayCardActivate",
            "principal": "apigateway.amazonaws.com",
            "principal_org_id": null,
            "qualifier": "",
            "source_account": null,
            "source_arn": "arn:aws:execute-api:us-east-2:346225465782:gpnsdirwac/*/POST/Transaction/card/activate",
            "statement_id": "AllowExecutionFromAPIGatewayCardActivate",
            "statement_id_prefix": ""
          },
          "sensitive_attributes": [],
          "identity_schema_version": 0,
          "private": "bnVsbA==",
          "dependencies": [
            "aws_api_gateway_rest_api.CardApi",
            "aws_iam_role.iam_for_lambda",
            "aws_lambda_function.lambdas"
          ]
        }
      ]
    },
    {
      "mode": "managed",
      "type": "aws_lambda_permission",
      "name": "ApiGatewayCardCreate",
      "provider": "provider[\"registry.terraform.io/hashicorp/aws\"]",
      "instances": [
        {
          "schema_version": 0,
          "attributes": {
            "action": "lambda:InvokeFunction",
            "event_source_token": null,
            "function_name": "create-request-card-lambda",
            "function_url_auth_type": null,
            "id": "AllowExecutionFromAPIGatewayCardCreate",
            "principal": "apigateway.amazonaws.com",
            "principal_org_id": null,
            "qualifier": "",
            "source_account": null,
            "source_arn": "arn:aws:execute-api:us-east-2:346225465782:gpnsdirwac/*/POST/Transaction/card/create",
            "statement_id": "AllowExecutionFromAPIGatewayCardCreate",
            "statement_id_prefix": ""
          },
          "sensitive_attributes": [],
          "identity_schema_version": 0,
          "private": "bnVsbA==",
          "dependencies": [
            "aws_api_gateway_rest_api.CardApi",
            "aws_iam_role.iam_for_lambda",
            "aws_lambda_function.lambdas"
          ]
        }
      ]
    },
    {
      "mode": "managed",
      "type": "aws_lambda_permission",
      "name": "ApiGatewayCardPaid",
      "provider": "provider[\"registry.terraform.io/hashicorp/aws\"]",
      "instances": [
        {
          "schema_version": 0,
          "attributes": {
            "action": "lambda:InvokeFunction",
            "event_source_token": null,
            "function_name": "card-paid-credit-card-lambda",
            "function_url_auth_type": null,
            "id": "AllowExecutionFromAPIGatewayCardPaid",
            "principal": "apigateway.amazonaws.com",
            "principal_org_id": null,
            "qualifier": "",
            "source_account": null,
            "source_arn": "arn:aws:execute-api:us-east-2:346225465782:gpnsdirwac/*/POST/Transaction/card/paid/*",
            "statement_id": "AllowExecutionFromAPIGatewayCardPaid",
            "statement_id_prefix": ""
          },
          "sensitive_attributes": [],
          "identity_schema_version": 0,
          "private": "bnVsbA==",
          "dependencies": [
            "aws_api_gateway_rest_api.CardApi",
            "aws_iam_role.iam_for_lambda",
            "aws_lambda_function.lambdas"
          ]
        }
      ]
    },
    {
      "mode": "managed",
      "type": "aws_lambda_permission",
      "name": "ApiGatewayCardReport",
      "provider": "provider[\"registry.terraform.io/hashicorp/aws\"]",
      "instances": [
        {
          "schema_version": 0,
          "attributes": {
            "action": "lambda:InvokeFunction",
            "event_source_token": null,
            "function_name": "card-get-report-lambda",
            "function_url_auth_type": null,
            "id": "AllowExecutionFromAPIGatewayCardReport",
            "principal": "apigateway.amazonaws.com",
            "principal_org_id": null,
            "qualifier": "",
            "source_account": null,
            "source_arn": "arn:aws:execute-api:us-east-2:346225465782:gpnsdirwac/*/GET/Transaction/card/*",
            "statement_id": "AllowExecutionFromAPIGatewayCardReport",
            "statement_id_prefix": ""
          },
          "sensitive_attributes": [],
          "identity_schema_version": 0,
          "private": "bnVsbA==",
          "dependencies": [
            "aws_api_gateway_rest_api.CardApi",
            "aws_iam_role.iam_for_lambda",
            "aws_lambda_function.lambdas"
          ]
        }
      ]
    },
    {
      "mode": "managed",
      "type": "aws_lambda_permission",
      "name": "ApiGatewayTransactionsPurchase",
      "provider": "provider[\"registry.terraform.io/hashicorp/aws\"]",
      "instances": [
        {
          "schema_version": 0,
          "attributes": {
            "action": "lambda:InvokeFunction",
            "event_source_token": null,
            "function_name": "card-purchase-lambda",
            "function_url_auth_type": null,
            "id": "AllowExecutionFromAPIGatewayTransactionsPurchase",
            "principal": "apigateway.amazonaws.com",
            "principal_org_id": null,
            "qualifier": "",
            "source_account": null,
            "source_arn": "arn:aws:execute-api:us-east-2:346225465782:gpnsdirwac/*/POST/Transaction/transactions/purchase",
            "statement_id": "AllowExecutionFromAPIGatewayTransactionsPurchase",
            "statement_id_prefix": ""
          },
          "sensitive_attributes": [],
          "identity_schema_version": 0,
          "private": "bnVsbA==",
          "dependencies": [
            "aws_api_gateway_rest_api.CardApi",
            "aws_iam_role.iam_for_lambda",
            "aws_lambda_function.lambdas"
          ]
        }
      ]
    },
    {
      "mode": "managed",
      "type": "aws_lambda_permission",
      "name": "ApiGatewayTransactionsSave",
      "provider": "provider[\"registry.terraform.io/hashicorp/aws\"]",
      "instances": [
        {
          "schema_version": 0,
          "attributes": {
            "action": "lambda:InvokeFunction",
            "event_source_token": null,
            "function_name": "card-transaction-save-lambda",
            "function_url_auth_type": null,
            "id": "AllowExecutionFromAPIGatewayTransactionsSave",
            "principal": "apigateway.amazonaws.com",
            "principal_org_id": null,
            "qualifier": "",
            "source_account": null,
            "source_arn": "arn:aws:execute-api:us-east-2:346225465782:gpnsdirwac/*/POST/Transaction/transactions/save/*",
            "statement_id": "AllowExecutionFromAPIGatewayTransactionsSave",
            "statement_id_prefix": ""
          },
          "sensitive_attributes": [],
          "identity_schema_version": 0,
          "private": "bnVsbA==",
          "dependencies": [
            "aws_api_gateway_rest_api.CardApi",
            "aws_iam_role.iam_for_lambda",
            "aws_lambda_function.lambdas"
          ]
        }
      ]
    }
  ],
  "check_results": null
}
